// !$*UTF8*$!
{
	archiveVersion = 1;
	classes = {
	};
	objectVersion = 46;
	objects = {

/* Begin PBXBuildFile section */
		1614BF79197114E9004402FA /* search_icon@2x.png in Resources */ = {isa = PBXBuildFile; fileRef = 1614BF78197114E9004402FA /* search_icon@2x.png */; };
		16429EE5197189650035EBA4 /* MapKit.framework in Frameworks */ = {isa = PBXBuildFile; fileRef = 16429EE4197189650035EBA4 /* MapKit.framework */; };
		16429EE719718C1C0035EBA4 /* CoreLocation.framework in Frameworks */ = {isa = PBXBuildFile; fileRef = 16429EE619718C1C0035EBA4 /* CoreLocation.framework */; };
		164AA7A7197D4E0B000B1202 /* main_1.png in Resources */ = {isa = PBXBuildFile; fileRef = 164AA7A3197D4E0B000B1202 /* main_1.png */; };
		164AA7A8197D4E0B000B1202 /* main_3.png in Resources */ = {isa = PBXBuildFile; fileRef = 164AA7A4197D4E0B000B1202 /* main_3.png */; };
		164AA7A9197D4E0B000B1202 /* main_0.png in Resources */ = {isa = PBXBuildFile; fileRef = 164AA7A5197D4E0B000B1202 /* main_0.png */; };
		164AA7AA197D4E0B000B1202 /* main_2.png in Resources */ = {isa = PBXBuildFile; fileRef = 164AA7A6197D4E0B000B1202 /* main_2.png */; };
		164AA80D197D5E19000B1202 /* UIButton+Addition.mm in Sources */ = {isa = PBXBuildFile; fileRef = 164AA7BC197D5E19000B1202 /* UIButton+Addition.mm */; };
		164AA80E197D5E19000B1202 /* UIColor+Hex.mm in Sources */ = {isa = PBXBuildFile; fileRef = 164AA7BE197D5E19000B1202 /* UIColor+Hex.mm */; };
		164AA80F197D5E19000B1202 /* UIImage+Addition.mm in Sources */ = {isa = PBXBuildFile; fileRef = 164AA7C0197D5E19000B1202 /* UIImage+Addition.mm */; };
		164AA810197D5E19000B1202 /* UIView+Layout.mm in Sources */ = {isa = PBXBuildFile; fileRef = 164AA7C2197D5E19000B1202 /* UIView+Layout.mm */; };
		164AA811197D5E19000B1202 /* UserInfoDto.m in Sources */ = {isa = PBXBuildFile; fileRef = 164AA7C5197D5E19000B1202 /* UserInfoDto.m */; };
		164AA812197D5E19000B1202 /* Cache.mm in Sources */ = {isa = PBXBuildFile; fileRef = 164AA7C9197D5E19000B1202 /* Cache.mm */; };
		164AA813197D5E19000B1202 /* const.mm in Sources */ = {isa = PBXBuildFile; fileRef = 164AA7CB197D5E19000B1202 /* const.mm */; };
		164AA814197D5E19000B1202 /* Global.mm in Sources */ = {isa = PBXBuildFile; fileRef = 164AA7CE197D5E19000B1202 /* Global.mm */; };
		164AA815197D5E19000B1202 /* SysInfo.mm in Sources */ = {isa = PBXBuildFile; fileRef = 164AA7D0197D5E19000B1202 /* SysInfo.mm */; };
		164AA816197D5E19000B1202 /* TemplateVc.mm in Sources */ = {isa = PBXBuildFile; fileRef = 164AA7D3197D5E19000B1202 /* TemplateVc.mm */; };
		164AA817197D5E19000B1202 /* FMDatabase.m in Sources */ = {isa = PBXBuildFile; fileRef = 164AA7D7197D5E19000B1202 /* FMDatabase.m */; };
		164AA818197D5E19000B1202 /* FMDatabaseAdditions.m in Sources */ = {isa = PBXBuildFile; fileRef = 164AA7D9197D5E19000B1202 /* FMDatabaseAdditions.m */; };
		164AA819197D5E19000B1202 /* FMDatabasePool.m in Sources */ = {isa = PBXBuildFile; fileRef = 164AA7DB197D5E19000B1202 /* FMDatabasePool.m */; };
		164AA81A197D5E19000B1202 /* FMDatabaseQueue.m in Sources */ = {isa = PBXBuildFile; fileRef = 164AA7DD197D5E19000B1202 /* FMDatabaseQueue.m */; };
		164AA81B197D5E19000B1202 /* FMResultSet.m in Sources */ = {isa = PBXBuildFile; fileRef = 164AA7E0197D5E19000B1202 /* FMResultSet.m */; };
		164AA81C197D5E19000B1202 /* MBProgressHUD.m in Sources */ = {isa = PBXBuildFile; fileRef = 164AA7E3197D5E19000B1202 /* MBProgressHUD.m */; };
		164AA81D197D5E19000B1202 /* BaseListVc.mm in Sources */ = {isa = PBXBuildFile; fileRef = 164AA7E6197D5E19000B1202 /* BaseListVc.mm */; };
		164AA81E197D5E19000B1202 /* BaseVc.mm in Sources */ = {isa = PBXBuildFile; fileRef = 164AA7E8197D5E19000B1202 /* BaseVc.mm */; };
		164AA822197D5E19000B1202 /* ChkUtil.mm in Sources */ = {isa = PBXBuildFile; fileRef = 164AA7F2197D5E19000B1202 /* ChkUtil.mm */; };
		164AA823197D5E19000B1202 /* LoginVc.mm in Sources */ = {isa = PBXBuildFile; fileRef = 164AA7F5197D5E19000B1202 /* LoginVc.mm */; };
		164AA824197D5E19000B1202 /* MainVc.mm in Sources */ = {isa = PBXBuildFile; fileRef = 164AA7F7197D5E19000B1202 /* MainVc.mm */; };
		164AA825197D5E19000B1202 /* RegisterVc.mm in Sources */ = {isa = PBXBuildFile; fileRef = 164AA7F9197D5E19000B1202 /* RegisterVc.mm */; };
		1682D8C4196EC104008EDEE6 /* Foundation.framework in Frameworks */ = {isa = PBXBuildFile; fileRef = 1682D8C3196EC104008EDEE6 /* Foundation.framework */; };
		1682D8C6196EC104008EDEE6 /* CoreGraphics.framework in Frameworks */ = {isa = PBXBuildFile; fileRef = 1682D8C5196EC104008EDEE6 /* CoreGraphics.framework */; };
		1682D8C8196EC104008EDEE6 /* UIKit.framework in Frameworks */ = {isa = PBXBuildFile; fileRef = 1682D8C7196EC104008EDEE6 /* UIKit.framework */; };
		1682D904196EC2C6008EDEE6 /* AppDelegate.m in Sources */ = {isa = PBXBuildFile; fileRef = 1682D900196EC2C6008EDEE6 /* AppDelegate.m */; };
		1682D906196EC2C6008EDEE6 /* main.m in Sources */ = {isa = PBXBuildFile; fileRef = 1682D903196EC2C6008EDEE6 /* main.m */; };
		1682D950196ECC6B008EDEE6 /* libsqlite3.0.dylib in Frameworks */ = {isa = PBXBuildFile; fileRef = 1682D94F196ECC6B008EDEE6 /* libsqlite3.0.dylib */; };
		169E591E197FF730009541D4 /* main_bg.png in Resources */ = {isa = PBXBuildFile; fileRef = 169E591D197FF730009541D4 /* main_bg.png */; };
		169E592119800A99009541D4 /* MyInfoVc.mm in Sources */ = {isa = PBXBuildFile; fileRef = 169E592019800A99009541D4 /* MyInfoVc.mm */; };
		16A16C2D1970D11C00374A9C /* 0_hl@2x.png in Resources */ = {isa = PBXBuildFile; fileRef = 16A16C231970D11C00374A9C /* 0_hl@2x.png */; };
		16A16C2E1970D11C00374A9C /* 0@2x.png in Resources */ = {isa = PBXBuildFile; fileRef = 16A16C241970D11C00374A9C /* 0@2x.png */; };
		16A16C2F1970D11C00374A9C /* 1_hl@2x.png in Resources */ = {isa = PBXBuildFile; fileRef = 16A16C251970D11C00374A9C /* 1_hl@2x.png */; };
		16A16C301970D11C00374A9C /* 1@2x.png in Resources */ = {isa = PBXBuildFile; fileRef = 16A16C261970D11C00374A9C /* 1@2x.png */; };
		16A16C311970D11C00374A9C /* 2_hl@2x.png in Resources */ = {isa = PBXBuildFile; fileRef = 16A16C271970D11C00374A9C /* 2_hl@2x.png */; };
		16A16C321970D11C00374A9C /* 2@2x.png in Resources */ = {isa = PBXBuildFile; fileRef = 16A16C281970D11C00374A9C /* 2@2x.png */; };
		16A16C331970D11C00374A9C /* 3_hl@2x.png in Resources */ = {isa = PBXBuildFile; fileRef = 16A16C291970D11C00374A9C /* 3_hl@2x.png */; };
		16A16C341970D11C00374A9C /* 3@2x.png in Resources */ = {isa = PBXBuildFile; fileRef = 16A16C2A1970D11C00374A9C /* 3@2x.png */; };
		16A16C351970D11C00374A9C /* 4_hl@2x.png in Resources */ = {isa = PBXBuildFile; fileRef = 16A16C2B1970D11C00374A9C /* 4_hl@2x.png */; };
		16A16C361970D11C00374A9C /* 4@2x.png in Resources */ = {isa = PBXBuildFile; fileRef = 16A16C2C1970D11C00374A9C /* 4@2x.png */; };
		16A891DC19833D10000A9E23 /* BaseLayoutVc.mm in Sources */ = {isa = PBXBuildFile; fileRef = 16A891DB19833D10000A9E23 /* BaseLayoutVc.mm */; };
		16A891E019835BC5000A9E23 /* BaseSingleListVc.h.mm in Sources */ = {isa = PBXBuildFile; fileRef = 16A891DF19835BC5000A9E23 /* BaseSingleListVc.h.mm */; };
		16A891E319835BE1000A9E23 /* BaseSectionListVc.mm in Sources */ = {isa = PBXBuildFile; fileRef = 16A891E219835BE1000A9E23 /* BaseSectionListVc.mm */; };
		16A891EB19835EB7000A9E23 /* BottomPanel.mm in Sources */ = {isa = PBXBuildFile; fileRef = 16A891E619835EB7000A9E23 /* BottomPanel.mm */; };
		16A891EC19835EB7000A9E23 /* RefreshPanel.mm in Sources */ = {isa = PBXBuildFile; fileRef = 16A891E819835EB7000A9E23 /* RefreshPanel.mm */; };
		16A891ED19835EB7000A9E23 /* TopPanel.mm in Sources */ = {isa = PBXBuildFile; fileRef = 16A891EA19835EB7000A9E23 /* TopPanel.mm */; };
		16D4A468198333E300AAB270 /* HealthyCheckCenterVc.mm in Sources */ = {isa = PBXBuildFile; fileRef = 16D4A467198333E300AAB270 /* HealthyCheckCenterVc.mm */; };
		16E3A08B1971407500A1AB22 /* rr_rmd@2x.png in Resources */ = {isa = PBXBuildFile; fileRef = 16E3A08A1971407500A1AB22 /* rr_rmd@2x.png */; };
/* End PBXBuildFile section */

/* Begin PBXFileReference section */
		1614BF78197114E9004402FA /* search_icon@2x.png */ = {isa = PBXFileReference; lastKnownFileType = image.png; path = "search_icon@2x.png"; sourceTree = "<group>"; };
		16429EE4197189650035EBA4 /* MapKit.framework */ = {isa = PBXFileReference; lastKnownFileType = wrapper.framework; name = MapKit.framework; path = System/Library/Frameworks/MapKit.framework; sourceTree = SDKROOT; };
		16429EE619718C1C0035EBA4 /* CoreLocation.framework */ = {isa = PBXFileReference; lastKnownFileType = wrapper.framework; name = CoreLocation.framework; path = System/Library/Frameworks/CoreLocation.framework; sourceTree = SDKROOT; };
		164AA7A3197D4E0B000B1202 /* main_1.png */ = {isa = PBXFileReference; lastKnownFileType = image.png; path = main_1.png; sourceTree = "<group>"; };
		164AA7A4197D4E0B000B1202 /* main_3.png */ = {isa = PBXFileReference; lastKnownFileType = image.png; path = main_3.png; sourceTree = "<group>"; };
		164AA7A5197D4E0B000B1202 /* main_0.png */ = {isa = PBXFileReference; lastKnownFileType = image.png; path = main_0.png; sourceTree = "<group>"; };
		164AA7A6197D4E0B000B1202 /* main_2.png */ = {isa = PBXFileReference; lastKnownFileType = image.png; path = main_2.png; sourceTree = "<group>"; };
		164AA7BB197D5E19000B1202 /* UIButton+Addition.h */ = {isa = PBXFileReference; fileEncoding = 4; lastKnownFileType = sourcecode.c.h; path = "UIButton+Addition.h"; sourceTree = "<group>"; };
		164AA7BC197D5E19000B1202 /* UIButton+Addition.mm */ = {isa = PBXFileReference; fileEncoding = 4; lastKnownFileType = sourcecode.cpp.objcpp; path = "UIButton+Addition.mm"; sourceTree = "<group>"; };
		164AA7BD197D5E19000B1202 /* UIColor+Hex.h */ = {isa = PBXFileReference; fileEncoding = 4; lastKnownFileType = sourcecode.c.h; path = "UIColor+Hex.h"; sourceTree = "<group>"; };
		164AA7BE197D5E19000B1202 /* UIColor+Hex.mm */ = {isa = PBXFileReference; fileEncoding = 4; lastKnownFileType = sourcecode.cpp.objcpp; path = "UIColor+Hex.mm"; sourceTree = "<group>"; };
		164AA7BF197D5E19000B1202 /* UIImage+Addition.h */ = {isa = PBXFileReference; fileEncoding = 4; lastKnownFileType = sourcecode.c.h; path = "UIImage+Addition.h"; sourceTree = "<group>"; };
		164AA7C0197D5E19000B1202 /* UIImage+Addition.mm */ = {isa = PBXFileReference; fileEncoding = 4; lastKnownFileType = sourcecode.cpp.objcpp; path = "UIImage+Addition.mm"; sourceTree = "<group>"; };
		164AA7C1197D5E19000B1202 /* UIView+Layout.h */ = {isa = PBXFileReference; fileEncoding = 4; lastKnownFileType = sourcecode.c.h; path = "UIView+Layout.h"; sourceTree = "<group>"; };
		164AA7C2197D5E19000B1202 /* UIView+Layout.mm */ = {isa = PBXFileReference; fileEncoding = 4; lastKnownFileType = sourcecode.cpp.objcpp; path = "UIView+Layout.mm"; sourceTree = "<group>"; };
		164AA7C4197D5E19000B1202 /* UserInfoDto.h */ = {isa = PBXFileReference; fileEncoding = 4; lastKnownFileType = sourcecode.c.h; path = UserInfoDto.h; sourceTree = "<group>"; };
		164AA7C5197D5E19000B1202 /* UserInfoDto.m */ = {isa = PBXFileReference; fileEncoding = 4; lastKnownFileType = sourcecode.c.objc; path = UserInfoDto.m; sourceTree = "<group>"; };
		164AA7C8197D5E19000B1202 /* Cache.h */ = {isa = PBXFileReference; fileEncoding = 4; lastKnownFileType = sourcecode.c.h; path = Cache.h; sourceTree = "<group>"; };
		164AA7C9197D5E19000B1202 /* Cache.mm */ = {isa = PBXFileReference; fileEncoding = 4; lastKnownFileType = sourcecode.cpp.objcpp; path = Cache.mm; sourceTree = "<group>"; };
		164AA7CA197D5E19000B1202 /* const.h */ = {isa = PBXFileReference; fileEncoding = 4; lastKnownFileType = sourcecode.c.h; name = const.h; path = Frame/const.h; sourceTree = "<group>"; };
		164AA7CB197D5E19000B1202 /* const.mm */ = {isa = PBXFileReference; fileEncoding = 4; lastKnownFileType = sourcecode.cpp.objcpp; name = const.mm; path = Frame/const.mm; sourceTree = "<group>"; };
		164AA7CD197D5E19000B1202 /* Global.h */ = {isa = PBXFileReference; fileEncoding = 4; lastKnownFileType = sourcecode.c.h; path = Global.h; sourceTree = "<group>"; };
		164AA7CE197D5E19000B1202 /* Global.mm */ = {isa = PBXFileReference; fileEncoding = 4; lastKnownFileType = sourcecode.cpp.objcpp; path = Global.mm; sourceTree = "<group>"; };
		164AA7CF197D5E19000B1202 /* SysInfo.h */ = {isa = PBXFileReference; fileEncoding = 4; lastKnownFileType = sourcecode.c.h; path = SysInfo.h; sourceTree = "<group>"; };
		164AA7D0197D5E19000B1202 /* SysInfo.mm */ = {isa = PBXFileReference; fileEncoding = 4; lastKnownFileType = sourcecode.cpp.objcpp; path = SysInfo.mm; sourceTree = "<group>"; };
		164AA7D2197D5E19000B1202 /* TemplateVc.h */ = {isa = PBXFileReference; fileEncoding = 4; lastKnownFileType = sourcecode.c.h; path = TemplateVc.h; sourceTree = "<group>"; };
		164AA7D3197D5E19000B1202 /* TemplateVc.mm */ = {isa = PBXFileReference; fileEncoding = 4; lastKnownFileType = sourcecode.cpp.objcpp; path = TemplateVc.mm; sourceTree = "<group>"; };
		164AA7D6197D5E19000B1202 /* FMDatabase.h */ = {isa = PBXFileReference; fileEncoding = 4; lastKnownFileType = sourcecode.c.h; path = FMDatabase.h; sourceTree = "<group>"; };
		164AA7D7197D5E19000B1202 /* FMDatabase.m */ = {isa = PBXFileReference; fileEncoding = 4; lastKnownFileType = sourcecode.c.objc; path = FMDatabase.m; sourceTree = "<group>"; };
		164AA7D8197D5E19000B1202 /* FMDatabaseAdditions.h */ = {isa = PBXFileReference; fileEncoding = 4; lastKnownFileType = sourcecode.c.h; path = FMDatabaseAdditions.h; sourceTree = "<group>"; };
		164AA7D9197D5E19000B1202 /* FMDatabaseAdditions.m */ = {isa = PBXFileReference; fileEncoding = 4; lastKnownFileType = sourcecode.c.objc; path = FMDatabaseAdditions.m; sourceTree = "<group>"; };
		164AA7DA197D5E19000B1202 /* FMDatabasePool.h */ = {isa = PBXFileReference; fileEncoding = 4; lastKnownFileType = sourcecode.c.h; path = FMDatabasePool.h; sourceTree = "<group>"; };
		164AA7DB197D5E19000B1202 /* FMDatabasePool.m */ = {isa = PBXFileReference; fileEncoding = 4; lastKnownFileType = sourcecode.c.objc; path = FMDatabasePool.m; sourceTree = "<group>"; };
		164AA7DC197D5E19000B1202 /* FMDatabaseQueue.h */ = {isa = PBXFileReference; fileEncoding = 4; lastKnownFileType = sourcecode.c.h; path = FMDatabaseQueue.h; sourceTree = "<group>"; };
		164AA7DD197D5E19000B1202 /* FMDatabaseQueue.m */ = {isa = PBXFileReference; fileEncoding = 4; lastKnownFileType = sourcecode.c.objc; path = FMDatabaseQueue.m; sourceTree = "<group>"; };
		164AA7DE197D5E19000B1202 /* FMDB.h */ = {isa = PBXFileReference; fileEncoding = 4; lastKnownFileType = sourcecode.c.h; path = FMDB.h; sourceTree = "<group>"; };
		164AA7DF197D5E19000B1202 /* FMResultSet.h */ = {isa = PBXFileReference; fileEncoding = 4; lastKnownFileType = sourcecode.c.h; path = FMResultSet.h; sourceTree = "<group>"; };
		164AA7E0197D5E19000B1202 /* FMResultSet.m */ = {isa = PBXFileReference; fileEncoding = 4; lastKnownFileType = sourcecode.c.objc; path = FMResultSet.m; sourceTree = "<group>"; };
		164AA7E2197D5E19000B1202 /* MBProgressHUD.h */ = {isa = PBXFileReference; fileEncoding = 4; lastKnownFileType = sourcecode.c.h; path = MBProgressHUD.h; sourceTree = "<group>"; };
		164AA7E3197D5E19000B1202 /* MBProgressHUD.m */ = {isa = PBXFileReference; fileEncoding = 4; lastKnownFileType = sourcecode.c.objc; path = MBProgressHUD.m; sourceTree = "<group>"; };
		164AA7E5197D5E19000B1202 /* BaseListVc.h */ = {isa = PBXFileReference; fileEncoding = 4; lastKnownFileType = sourcecode.c.h; path = BaseListVc.h; sourceTree = "<group>"; };
		164AA7E6197D5E19000B1202 /* BaseListVc.mm */ = {isa = PBXFileReference; fileEncoding = 4; lastKnownFileType = sourcecode.cpp.objcpp; path = BaseListVc.mm; sourceTree = "<group>"; };
		164AA7E7197D5E19000B1202 /* BaseVc.h */ = {isa = PBXFileReference; fileEncoding = 4; lastKnownFileType = sourcecode.c.h; path = BaseVc.h; sourceTree = "<group>"; };
		164AA7E8197D5E19000B1202 /* BaseVc.mm */ = {isa = PBXFileReference; fileEncoding = 4; lastKnownFileType = sourcecode.cpp.objcpp; path = BaseVc.mm; sourceTree = "<group>"; };
		164AA7F1197D5E19000B1202 /* ChkUtil.h */ = {isa = PBXFileReference; fileEncoding = 4; lastKnownFileType = sourcecode.c.h; path = ChkUtil.h; sourceTree = "<group>"; };
		164AA7F2197D5E19000B1202 /* ChkUtil.mm */ = {isa = PBXFileReference; fileEncoding = 4; lastKnownFileType = sourcecode.cpp.objcpp; path = ChkUtil.mm; sourceTree = "<group>"; };
		164AA7F4197D5E19000B1202 /* LoginVc.h */ = {isa = PBXFileReference; fileEncoding = 4; lastKnownFileType = sourcecode.c.h; path = LoginVc.h; sourceTree = "<group>"; };
		164AA7F5197D5E19000B1202 /* LoginVc.mm */ = {isa = PBXFileReference; fileEncoding = 4; lastKnownFileType = sourcecode.cpp.objcpp; path = LoginVc.mm; sourceTree = "<group>"; };
		164AA7F6197D5E19000B1202 /* MainVc.h */ = {isa = PBXFileReference; fileEncoding = 4; lastKnownFileType = sourcecode.c.h; path = MainVc.h; sourceTree = "<group>"; };
		164AA7F7197D5E19000B1202 /* MainVc.mm */ = {isa = PBXFileReference; fileEncoding = 4; lastKnownFileType = sourcecode.cpp.objcpp; path = MainVc.mm; sourceTree = "<group>"; };
		164AA7F8197D5E19000B1202 /* RegisterVc.h */ = {isa = PBXFileReference; fileEncoding = 4; lastKnownFileType = sourcecode.c.h; path = RegisterVc.h; sourceTree = "<group>"; };
		164AA7F9197D5E19000B1202 /* RegisterVc.mm */ = {isa = PBXFileReference; fileEncoding = 4; lastKnownFileType = sourcecode.cpp.objcpp; path = RegisterVc.mm; sourceTree = "<group>"; };
		1682D8C0196EC104008EDEE6 /* e-Heathy.app */ = {isa = PBXFileReference; explicitFileType = wrapper.application; includeInIndex = 0; path = "e-Heathy.app"; sourceTree = BUILT_PRODUCTS_DIR; };
		1682D8C3196EC104008EDEE6 /* Foundation.framework */ = {isa = PBXFileReference; lastKnownFileType = wrapper.framework; name = Foundation.framework; path = System/Library/Frameworks/Foundation.framework; sourceTree = SDKROOT; };
		1682D8C5196EC104008EDEE6 /* CoreGraphics.framework */ = {isa = PBXFileReference; lastKnownFileType = wrapper.framework; name = CoreGraphics.framework; path = System/Library/Frameworks/CoreGraphics.framework; sourceTree = SDKROOT; };
		1682D8C7196EC104008EDEE6 /* UIKit.framework */ = {isa = PBXFileReference; lastKnownFileType = wrapper.framework; name = UIKit.framework; path = System/Library/Frameworks/UIKit.framework; sourceTree = SDKROOT; };
		1682D8DC196EC104008EDEE6 /* XCTest.framework */ = {isa = PBXFileReference; lastKnownFileType = wrapper.framework; name = XCTest.framework; path = Library/Frameworks/XCTest.framework; sourceTree = DEVELOPER_DIR; };
		1682D8FF196EC2C6008EDEE6 /* AppDelegate.h */ = {isa = PBXFileReference; fileEncoding = 4; lastKnownFileType = sourcecode.c.h; path = AppDelegate.h; sourceTree = "<group>"; };
		1682D900196EC2C6008EDEE6 /* AppDelegate.m */ = {isa = PBXFileReference; fileEncoding = 4; lastKnownFileType = sourcecode.c.objc; path = AppDelegate.m; sourceTree = "<group>"; };
		1682D902196EC2C6008EDEE6 /* e-Heathy-Prefix.pch */ = {isa = PBXFileReference; fileEncoding = 4; lastKnownFileType = sourcecode.c.h; path = "e-Heathy-Prefix.pch"; sourceTree = "<group>"; };
		1682D903196EC2C6008EDEE6 /* main.m */ = {isa = PBXFileReference; fileEncoding = 4; lastKnownFileType = sourcecode.c.objc; path = main.m; sourceTree = "<group>"; };
		1682D94F196ECC6B008EDEE6 /* libsqlite3.0.dylib */ = {isa = PBXFileReference; lastKnownFileType = "compiled.mach-o.dylib"; name = libsqlite3.0.dylib; path = usr/lib/libsqlite3.0.dylib; sourceTree = SDKROOT; };
		1682D9BC196ED011008EDEE6 /* e-Heathy-Info.plist */ = {isa = PBXFileReference; fileEncoding = 4; lastKnownFileType = text.plist.xml; path = "e-Heathy-Info.plist"; sourceTree = "<group>"; };
		169E591D197FF730009541D4 /* main_bg.png */ = {isa = PBXFileReference; lastKnownFileType = image.png; path = main_bg.png; sourceTree = "<group>"; };
		169E591F19800A99009541D4 /* MyInfoVc.h */ = {isa = PBXFileReference; fileEncoding = 4; lastKnownFileType = sourcecode.c.h; path = MyInfoVc.h; sourceTree = "<group>"; };
		169E592019800A99009541D4 /* MyInfoVc.mm */ = {isa = PBXFileReference; fileEncoding = 4; lastKnownFileType = sourcecode.cpp.objcpp; path = MyInfoVc.mm; sourceTree = "<group>"; };
		16A16C231970D11C00374A9C /* 0_hl@2x.png */ = {isa = PBXFileReference; lastKnownFileType = image.png; path = "0_hl@2x.png"; sourceTree = "<group>"; };
		16A16C241970D11C00374A9C /* 0@2x.png */ = {isa = PBXFileReference; lastKnownFileType = image.png; path = "0@2x.png"; sourceTree = "<group>"; };
		16A16C251970D11C00374A9C /* 1_hl@2x.png */ = {isa = PBXFileReference; lastKnownFileType = image.png; path = "1_hl@2x.png"; sourceTree = "<group>"; };
		16A16C261970D11C00374A9C /* 1@2x.png */ = {isa = PBXFileReference; lastKnownFileType = image.png; path = "1@2x.png"; sourceTree = "<group>"; };
		16A16C271970D11C00374A9C /* 2_hl@2x.png */ = {isa = PBXFileReference; lastKnownFileType = image.png; path = "2_hl@2x.png"; sourceTree = "<group>"; };
		16A16C281970D11C00374A9C /* 2@2x.png */ = {isa = PBXFileReference; lastKnownFileType = image.png; path = "2@2x.png"; sourceTree = "<group>"; };
		16A16C291970D11C00374A9C /* 3_hl@2x.png */ = {isa = PBXFileReference; lastKnownFileType = image.png; path = "3_hl@2x.png"; sourceTree = "<group>"; };
		16A16C2A1970D11C00374A9C /* 3@2x.png */ = {isa = PBXFileReference; lastKnownFileType = image.png; path = "3@2x.png"; sourceTree = "<group>"; };
		16A16C2B1970D11C00374A9C /* 4_hl@2x.png */ = {isa = PBXFileReference; lastKnownFileType = image.png; path = "4_hl@2x.png"; sourceTree = "<group>"; };
		16A16C2C1970D11C00374A9C /* 4@2x.png */ = {isa = PBXFileReference; lastKnownFileType = image.png; path = "4@2x.png"; sourceTree = "<group>"; };
		16A891DA19833D10000A9E23 /* BaseLayoutVc.h */ = {isa = PBXFileReference; fileEncoding = 4; lastKnownFileType = sourcecode.c.h; path = BaseLayoutVc.h; sourceTree = "<group>"; };
		16A891DB19833D10000A9E23 /* BaseLayoutVc.mm */ = {isa = PBXFileReference; fileEncoding = 4; lastKnownFileType = sourcecode.cpp.objcpp; path = BaseLayoutVc.mm; sourceTree = "<group>"; };
		16A891DE19835BC5000A9E23 /* BaseSingleListVc.h */ = {isa = PBXFileReference; fileEncoding = 4; lastKnownFileType = sourcecode.c.h; path = BaseSingleListVc.h; sourceTree = "<group>"; };
		16A891DF19835BC5000A9E23 /* BaseSingleListVc.h.mm */ = {isa = PBXFileReference; fileEncoding = 4; lastKnownFileType = sourcecode.cpp.objcpp; path = BaseSingleListVc.h.mm; sourceTree = "<group>"; };
		16A891E119835BE1000A9E23 /* BaseSectionListVc.h */ = {isa = PBXFileReference; fileEncoding = 4; lastKnownFileType = sourcecode.c.h; path = BaseSectionListVc.h; sourceTree = "<group>"; };
		16A891E219835BE1000A9E23 /* BaseSectionListVc.mm */ = {isa = PBXFileReference; fileEncoding = 4; lastKnownFileType = sourcecode.cpp.objcpp; path = BaseSectionListVc.mm; sourceTree = "<group>"; };
		16A891E519835EB7000A9E23 /* BottomPanel.h */ = {isa = PBXFileReference; fileEncoding = 4; lastKnownFileType = sourcecode.c.h; path = BottomPanel.h; sourceTree = "<group>"; };
		16A891E619835EB7000A9E23 /* BottomPanel.mm */ = {isa = PBXFileReference; fileEncoding = 4; lastKnownFileType = sourcecode.cpp.objcpp; path = BottomPanel.mm; sourceTree = "<group>"; };
		16A891E719835EB7000A9E23 /* RefreshPanel.h */ = {isa = PBXFileReference; fileEncoding = 4; lastKnownFileType = sourcecode.c.h; path = RefreshPanel.h; sourceTree = "<group>"; };
		16A891E819835EB7000A9E23 /* RefreshPanel.mm */ = {isa = PBXFileReference; fileEncoding = 4; lastKnownFileType = sourcecode.cpp.objcpp; path = RefreshPanel.mm; sourceTree = "<group>"; };
		16A891E919835EB7000A9E23 /* TopPanel.h */ = {isa = PBXFileReference; fileEncoding = 4; lastKnownFileType = sourcecode.c.h; path = TopPanel.h; sourceTree = "<group>"; };
		16A891EA19835EB7000A9E23 /* TopPanel.mm */ = {isa = PBXFileReference; fileEncoding = 4; lastKnownFileType = sourcecode.cpp.objcpp; path = TopPanel.mm; sourceTree = "<group>"; };
		16D4A466198333E300AAB270 /* HealthyCheckCenterVc.h */ = {isa = PBXFileReference; fileEncoding = 4; lastKnownFileType = sourcecode.c.h; path = HealthyCheckCenterVc.h; sourceTree = "<group>"; };
		16D4A467198333E300AAB270 /* HealthyCheckCenterVc.mm */ = {isa = PBXFileReference; fileEncoding = 4; lastKnownFileType = sourcecode.cpp.objcpp; path = HealthyCheckCenterVc.mm; sourceTree = "<group>"; };
		16E3A08A1971407500A1AB22 /* rr_rmd@2x.png */ = {isa = PBXFileReference; lastKnownFileType = image.png; path = "rr_rmd@2x.png"; sourceTree = "<group>"; };
/* End PBXFileReference section */

/* Begin PBXFrameworksBuildPhase section */
		1682D8BD196EC104008EDEE6 /* Frameworks */ = {
			isa = PBXFrameworksBuildPhase;
			buildActionMask = 2147483647;
			files = (
				16429EE719718C1C0035EBA4 /* CoreLocation.framework in Frameworks */,
				16429EE5197189650035EBA4 /* MapKit.framework in Frameworks */,
				1682D950196ECC6B008EDEE6 /* libsqlite3.0.dylib in Frameworks */,
				1682D8C6196EC104008EDEE6 /* CoreGraphics.framework in Frameworks */,
				1682D8C8196EC104008EDEE6 /* UIKit.framework in Frameworks */,
				1682D8C4196EC104008EDEE6 /* Foundation.framework in Frameworks */,
			);
			runOnlyForDeploymentPostprocessing = 0;
		};
/* End PBXFrameworksBuildPhase section */

/* Begin PBXGroup section */
		164AA7B9197D5E19000B1202 /* Class */ = {
			isa = PBXGroup;
			children = (
				164AA7C3197D5E19000B1202 /* Dto */,
				164AA7F3197D5E19000B1202 /* Vc */,
				164AA7C6197D5E19000B1202 /* Frame */,
				164AA7CA197D5E19000B1202 /* const.h */,
				164AA7CB197D5E19000B1202 /* const.mm */,
				164AA7BA197D5E19000B1202 /* Category */,
				164AA7F0197D5E19000B1202 /* Utilities */,
			);
			path = Class;
			sourceTree = "<group>";
		};
		164AA7BA197D5E19000B1202 /* Category */ = {
			isa = PBXGroup;
			children = (
				164AA7BB197D5E19000B1202 /* UIButton+Addition.h */,
				164AA7BC197D5E19000B1202 /* UIButton+Addition.mm */,
				164AA7BD197D5E19000B1202 /* UIColor+Hex.h */,
				164AA7BE197D5E19000B1202 /* UIColor+Hex.mm */,
				164AA7BF197D5E19000B1202 /* UIImage+Addition.h */,
				164AA7C0197D5E19000B1202 /* UIImage+Addition.mm */,
				164AA7C1197D5E19000B1202 /* UIView+Layout.h */,
				164AA7C2197D5E19000B1202 /* UIView+Layout.mm */,
			);
			path = Category;
			sourceTree = "<group>";
		};
		164AA7C3197D5E19000B1202 /* Dto */ = {
			isa = PBXGroup;
			children = (
				164AA7C4197D5E19000B1202 /* UserInfoDto.h */,
				164AA7C5197D5E19000B1202 /* UserInfoDto.m */,
			);
			path = Dto;
			sourceTree = "<group>";
		};
		164AA7C6197D5E19000B1202 /* Frame */ = {
			isa = PBXGroup;
			children = (
				164AA7E4197D5E19000B1202 /* Vc */,
				164AA7C7197D5E19000B1202 /* Cache */,
				164AA7CC197D5E19000B1202 /* Global */,
				164AA7D1197D5E19000B1202 /* Template */,
				164AA7D4197D5E19000B1202 /* ThirdParty */,
			);
			path = Frame;
			sourceTree = "<group>";
		};
		164AA7C7197D5E19000B1202 /* Cache */ = {
			isa = PBXGroup;
			children = (
				164AA7C8197D5E19000B1202 /* Cache.h */,
				164AA7C9197D5E19000B1202 /* Cache.mm */,
			);
			path = Cache;
			sourceTree = "<group>";
		};
		164AA7CC197D5E19000B1202 /* Global */ = {
			isa = PBXGroup;
			children = (
				164AA7CD197D5E19000B1202 /* Global.h */,
				164AA7CE197D5E19000B1202 /* Global.mm */,
				164AA7CF197D5E19000B1202 /* SysInfo.h */,
				164AA7D0197D5E19000B1202 /* SysInfo.mm */,
			);
			path = Global;
			sourceTree = "<group>";
		};
		164AA7D1197D5E19000B1202 /* Template */ = {
			isa = PBXGroup;
			children = (
				164AA7D2197D5E19000B1202 /* TemplateVc.h */,
				164AA7D3197D5E19000B1202 /* TemplateVc.mm */,
			);
			path = Template;
			sourceTree = "<group>";
		};
		164AA7D4197D5E19000B1202 /* ThirdParty */ = {
			isa = PBXGroup;
			children = (
				164AA7D5197D5E19000B1202 /* FMDB */,
				164AA7E1197D5E19000B1202 /* MBProgressHUD */,
			);
			path = ThirdParty;
			sourceTree = "<group>";
		};
		164AA7D5197D5E19000B1202 /* FMDB */ = {
			isa = PBXGroup;
			children = (
				164AA7D6197D5E19000B1202 /* FMDatabase.h */,
				164AA7D7197D5E19000B1202 /* FMDatabase.m */,
				164AA7D8197D5E19000B1202 /* FMDatabaseAdditions.h */,
				164AA7D9197D5E19000B1202 /* FMDatabaseAdditions.m */,
				164AA7DA197D5E19000B1202 /* FMDatabasePool.h */,
				164AA7DB197D5E19000B1202 /* FMDatabasePool.m */,
				164AA7DC197D5E19000B1202 /* FMDatabaseQueue.h */,
				164AA7DD197D5E19000B1202 /* FMDatabaseQueue.m */,
				164AA7DE197D5E19000B1202 /* FMDB.h */,
				164AA7DF197D5E19000B1202 /* FMResultSet.h */,
				164AA7E0197D5E19000B1202 /* FMResultSet.m */,
			);
			path = FMDB;
			sourceTree = "<group>";
		};
		164AA7E1197D5E19000B1202 /* MBProgressHUD */ = {
			isa = PBXGroup;
			children = (
				164AA7E2197D5E19000B1202 /* MBProgressHUD.h */,
				164AA7E3197D5E19000B1202 /* MBProgressHUD.m */,
			);
			path = MBProgressHUD;
			sourceTree = "<group>";
		};
		164AA7E4197D5E19000B1202 /* Vc */ = {
			isa = PBXGroup;
			children = (
				16A891E419835EB6000A9E23 /* Ctrl */,
				164AA7E7197D5E19000B1202 /* BaseVc.h */,
				164AA7E8197D5E19000B1202 /* BaseVc.mm */,
				16A891DA19833D10000A9E23 /* BaseLayoutVc.h */,
				16A891DB19833D10000A9E23 /* BaseLayoutVc.mm */,
				164AA7E5197D5E19000B1202 /* BaseListVc.h */,
				164AA7E6197D5E19000B1202 /* BaseListVc.mm */,
				16A891E119835BE1000A9E23 /* BaseSectionListVc.h */,
				16A891E219835BE1000A9E23 /* BaseSectionListVc.mm */,
				16A891DE19835BC5000A9E23 /* BaseSingleListVc.h */,
				16A891DF19835BC5000A9E23 /* BaseSingleListVc.h.mm */,
			);
			path = Vc;
			sourceTree = "<group>";
		};
		164AA7F0197D5E19000B1202 /* Utilities */ = {
			isa = PBXGroup;
			children = (
				164AA7F1197D5E19000B1202 /* ChkUtil.h */,
				164AA7F2197D5E19000B1202 /* ChkUtil.mm */,
			);
			path = Utilities;
			sourceTree = "<group>";
		};
		164AA7F3197D5E19000B1202 /* Vc */ = {
			isa = PBXGroup;
			children = (
				16A891EE19835EC8000A9E23 /* Ctrl */,
				164AA7F6197D5E19000B1202 /* MainVc.h */,
				164AA7F7197D5E19000B1202 /* MainVc.mm */,
				16D4A466198333E300AAB270 /* HealthyCheckCenterVc.h */,
				16D4A467198333E300AAB270 /* HealthyCheckCenterVc.mm */,
				169E591F19800A99009541D4 /* MyInfoVc.h */,
				169E592019800A99009541D4 /* MyInfoVc.mm */,
				164AA7F4197D5E19000B1202 /* LoginVc.h */,
				164AA7F5197D5E19000B1202 /* LoginVc.mm */,
				164AA7F8197D5E19000B1202 /* RegisterVc.h */,
				164AA7F9197D5E19000B1202 /* RegisterVc.mm */,
			);
			path = Vc;
			sourceTree = "<group>";
		};
		1682D8B7196EC104008EDEE6 = {
			isa = PBXGroup;
			children = (
				164AA7B9197D5E19000B1202 /* Class */,
				1682D8FE196EC2C6008EDEE6 /* Main */,
				1682D8C2196EC104008EDEE6 /* Frameworks */,
				1682D8C1196EC104008EDEE6 /* Products */,
				1682DA3E196EEC4F008EDEE6 /* Resources */,
			);
			sourceTree = "<group>";
		};
		1682D8C1196EC104008EDEE6 /* Products */ = {
			isa = PBXGroup;
			children = (
				1682D8C0196EC104008EDEE6 /* e-Heathy.app */,
			);
			name = Products;
			sourceTree = "<group>";
		};
		1682D8C2196EC104008EDEE6 /* Frameworks */ = {
			isa = PBXGroup;
			children = (
				16429EE619718C1C0035EBA4 /* CoreLocation.framework */,
				16429EE4197189650035EBA4 /* MapKit.framework */,
				1682D94F196ECC6B008EDEE6 /* libsqlite3.0.dylib */,
				1682D8C3196EC104008EDEE6 /* Foundation.framework */,
				1682D8C5196EC104008EDEE6 /* CoreGraphics.framework */,
				1682D8C7196EC104008EDEE6 /* UIKit.framework */,
				1682D8DC196EC104008EDEE6 /* XCTest.framework */,
			);
			name = Frameworks;
			sourceTree = "<group>";
		};
		1682D8FE196EC2C6008EDEE6 /* Main */ = {
			isa = PBXGroup;
			children = (
				1682D8FF196EC2C6008EDEE6 /* AppDelegate.h */,
				1682D900196EC2C6008EDEE6 /* AppDelegate.m */,
				1682D9BC196ED011008EDEE6 /* e-Heathy-Info.plist */,
				1682D902196EC2C6008EDEE6 /* e-Heathy-Prefix.pch */,
				1682D903196EC2C6008EDEE6 /* main.m */,
			);
			path = Main;
			sourceTree = "<group>";
		};
		1682DA3E196EEC4F008EDEE6 /* Resources */ = {
			isa = PBXGroup;
			children = (
				169E591D197FF730009541D4 /* main_bg.png */,
				164AA7A3197D4E0B000B1202 /* main_1.png */,
				164AA7A4197D4E0B000B1202 /* main_3.png */,
				164AA7A5197D4E0B000B1202 /* main_0.png */,
				164AA7A6197D4E0B000B1202 /* main_2.png */,
				16E3A08A1971407500A1AB22 /* rr_rmd@2x.png */,
				1614BF78197114E9004402FA /* search_icon@2x.png */,
				16A16C231970D11C00374A9C /* 0_hl@2x.png */,
				16A16C241970D11C00374A9C /* 0@2x.png */,
				16A16C251970D11C00374A9C /* 1_hl@2x.png */,
				16A16C261970D11C00374A9C /* 1@2x.png */,
				16A16C271970D11C00374A9C /* 2_hl@2x.png */,
				16A16C281970D11C00374A9C /* 2@2x.png */,
				16A16C291970D11C00374A9C /* 3_hl@2x.png */,
				16A16C2A1970D11C00374A9C /* 3@2x.png */,
				16A16C2B1970D11C00374A9C /* 4_hl@2x.png */,
				16A16C2C1970D11C00374A9C /* 4@2x.png */,
			);
			path = Resources;
			sourceTree = "<group>";
		};
		16A891E419835EB6000A9E23 /* Ctrl */ = {
			isa = PBXGroup;
			children = (
				16A891E519835EB7000A9E23 /* BottomPanel.h */,
				16A891E619835EB7000A9E23 /* BottomPanel.mm */,
				16A891E719835EB7000A9E23 /* RefreshPanel.h */,
				16A891E819835EB7000A9E23 /* RefreshPanel.mm */,
				16A891E919835EB7000A9E23 /* TopPanel.h */,
				16A891EA19835EB7000A9E23 /* TopPanel.mm */,
			);
			path = Ctrl;
			sourceTree = "<group>";
		};
		16A891EE19835EC8000A9E23 /* Ctrl */ = {
			isa = PBXGroup;
			children = (
			);
			path = Ctrl;
			sourceTree = "<group>";
		};
/* End PBXGroup section */

/* Begin PBXNativeTarget section */
		1682D8BF196EC104008EDEE6 /* e-Heathy */ = {
			isa = PBXNativeTarget;
			buildConfigurationList = 1682D8EC196EC104008EDEE6 /* Build configuration list for PBXNativeTarget "e-Heathy" */;
			buildPhases = (
				1682D8BC196EC104008EDEE6 /* Sources */,
				1682D8BD196EC104008EDEE6 /* Frameworks */,
				1682D8BE196EC104008EDEE6 /* Resources */,
			);
			buildRules = (
			);
			dependencies = (
			);
			name = "e-Heathy";
			productName = "e-Heathy";
			productReference = 1682D8C0196EC104008EDEE6 /* e-Heathy.app */;
			productType = "com.apple.product-type.application";
		};
/* End PBXNativeTarget section */

/* Begin PBXProject section */
		1682D8B8196EC104008EDEE6 /* Project object */ = {
			isa = PBXProject;
			attributes = {
				LastUpgradeCheck = 0500;
				ORGANIZATIONNAME = steven;
			};
			buildConfigurationList = 1682D8BB196EC104008EDEE6 /* Build configuration list for PBXProject "e-Heathy" */;
			compatibilityVersion = "Xcode 3.2";
			developmentRegion = English;
			hasScannedForEncodings = 0;
			knownRegions = (
				en,
			);
			mainGroup = 1682D8B7196EC104008EDEE6;
			productRefGroup = 1682D8C1196EC104008EDEE6 /* Products */;
			projectDirPath = "";
			projectRoot = "";
			targets = (
				1682D8BF196EC104008EDEE6 /* e-Heathy */,
			);
		};
/* End PBXProject section */

/* Begin PBXResourcesBuildPhase section */
		1682D8BE196EC104008EDEE6 /* Resources */ = {
			isa = PBXResourcesBuildPhase;
			buildActionMask = 2147483647;
			files = (
				16E3A08B1971407500A1AB22 /* rr_rmd@2x.png in Resources */,
				16A16C351970D11C00374A9C /* 4_hl@2x.png in Resources */,
				16A16C341970D11C00374A9C /* 3@2x.png in Resources */,
				16A16C331970D11C00374A9C /* 3_hl@2x.png in Resources */,
				164AA7AA197D4E0B000B1202 /* main_2.png in Resources */,
				16A16C2D1970D11C00374A9C /* 0_hl@2x.png in Resources */,
				16A16C2F1970D11C00374A9C /* 1_hl@2x.png in Resources */,
				16A16C311970D11C00374A9C /* 2_hl@2x.png in Resources */,
				16A16C321970D11C00374A9C /* 2@2x.png in Resources */,
				1614BF79197114E9004402FA /* search_icon@2x.png in Resources */,
				16A16C361970D11C00374A9C /* 4@2x.png in Resources */,
				164AA7A9197D4E0B000B1202 /* main_0.png in Resources */,
				16A16C301970D11C00374A9C /* 1@2x.png in Resources */,
				169E591E197FF730009541D4 /* main_bg.png in Resources */,
				164AA7A8197D4E0B000B1202 /* main_3.png in Resources */,
				16A16C2E1970D11C00374A9C /* 0@2x.png in Resources */,
				164AA7A7197D4E0B000B1202 /* main_1.png in Resources */,
			);
			runOnlyForDeploymentPostprocessing = 0;
		};
/* End PBXResourcesBuildPhase section */

/* Begin PBXSourcesBuildPhase section */
		1682D8BC196EC104008EDEE6 /* Sources */ = {
			isa = PBXSourcesBuildPhase;
			buildActionMask = 2147483647;
			files = (
				16A891E319835BE1000A9E23 /* BaseSectionListVc.mm in Sources */,
				1682D906196EC2C6008EDEE6 /* main.m in Sources */,
				169E592119800A99009541D4 /* MyInfoVc.mm in Sources */,
				164AA81E197D5E19000B1202 /* BaseVc.mm in Sources */,
				164AA80D197D5E19000B1202 /* UIButton+Addition.mm in Sources */,
				164AA817197D5E19000B1202 /* FMDatabase.m in Sources */,
				164AA824197D5E19000B1202 /* MainVc.mm in Sources */,
				164AA815197D5E19000B1202 /* SysInfo.mm in Sources */,
				164AA813197D5E19000B1202 /* const.mm in Sources */,
				16A891E019835BC5000A9E23 /* BaseSingleListVc.h.mm in Sources */,
				164AA818197D5E19000B1202 /* FMDatabaseAdditions.m in Sources */,
				16A891EC19835EB7000A9E23 /* RefreshPanel.mm in Sources */,
				1682D904196EC2C6008EDEE6 /* AppDelegate.m in Sources */,
				164AA819197D5E19000B1202 /* FMDatabasePool.m in Sources */,
				164AA823197D5E19000B1202 /* LoginVc.mm in Sources */,
				164AA80F197D5E19000B1202 /* UIImage+Addition.mm in Sources */,
				164AA81A197D5E19000B1202 /* FMDatabaseQueue.m in Sources */,
				164AA822197D5E19000B1202 /* ChkUtil.mm in Sources */,
				164AA816197D5E19000B1202 /* TemplateVc.mm in Sources */,
				16A891DC19833D10000A9E23 /* BaseLayoutVc.mm in Sources */,
				164AA825197D5E19000B1202 /* RegisterVc.mm in Sources */,
				164AA812197D5E19000B1202 /* Cache.mm in Sources */,
				16A891ED19835EB7000A9E23 /* TopPanel.mm in Sources */,
				164AA810197D5E19000B1202 /* UIView+Layout.mm in Sources */,
				16D4A468198333E300AAB270 /* HealthyCheckCenterVc.mm in Sources */,
				16A891EB19835EB7000A9E23 /* BottomPanel.mm in Sources */,
				164AA81C197D5E19000B1202 /* MBProgressHUD.m in Sources */,
				164AA81B197D5E19000B1202 /* FMResultSet.m in Sources */,
				164AA811197D5E19000B1202 /* UserInfoDto.m in Sources */,
				164AA814197D5E19000B1202 /* Global.mm in Sources */,
				164AA80E197D5E19000B1202 /* UIColor+Hex.mm in Sources */,
				164AA81D197D5E19000B1202 /* BaseListVc.mm in Sources */,
			);
			runOnlyForDeploymentPostprocessing = 0;
		};
/* End PBXSourcesBuildPhase section */

/* Begin XCBuildConfiguration section */
		1682D8EA196EC104008EDEE6 /* Debug */ = {
			isa = XCBuildConfiguration;
			buildSettings = {
				ALWAYS_SEARCH_USER_PATHS = NO;
				ARCHS = "$(ARCHS_STANDARD_INCLUDING_64_BIT)";
				CLANG_CXX_LANGUAGE_STANDARD = "gnu++0x";
				CLANG_CXX_LIBRARY = "libc++";
				CLANG_ENABLE_MODULES = YES;
				CLANG_ENABLE_OBJC_ARC = YES;
				CLANG_WARN_BOOL_CONVERSION = YES;
				CLANG_WARN_CONSTANT_CONVERSION = YES;
				CLANG_WARN_DIRECT_OBJC_ISA_USAGE = YES_ERROR;
				CLANG_WARN_EMPTY_BODY = YES;
				CLANG_WARN_ENUM_CONVERSION = YES;
				CLANG_WARN_INT_CONVERSION = YES;
				CLANG_WARN_OBJC_ROOT_CLASS = YES_ERROR;
				CLANG_WARN__DUPLICATE_METHOD_MATCH = YES;
				"CODE_SIGN_IDENTITY[sdk=iphoneos*]" = "iPhone Developer";
				COPY_PHASE_STRIP = NO;
				GCC_C_LANGUAGE_STANDARD = gnu99;
				GCC_DYNAMIC_NO_PIC = NO;
				GCC_OPTIMIZATION_LEVEL = 0;
				GCC_PREPROCESSOR_DEFINITIONS = (
					"DEBUG=1",
					"$(inherited)",
				);
				GCC_SYMBOLS_PRIVATE_EXTERN = NO;
				GCC_WARN_64_TO_32_BIT_CONVERSION = YES;
				GCC_WARN_ABOUT_RETURN_TYPE = YES_ERROR;
				GCC_WARN_UNDECLARED_SELECTOR = YES;
				GCC_WARN_UNINITIALIZED_AUTOS = YES;
				GCC_WARN_UNUSED_FUNCTION = YES;
				GCC_WARN_UNUSED_VARIABLE = YES;
				IPHONEOS_DEPLOYMENT_TARGET = 5.0;
				ONLY_ACTIVE_ARCH = YES;
				SDKROOT = iphoneos;
			};
			name = Debug;
		};
		1682D8EB196EC104008EDEE6 /* Release */ = {
			isa = XCBuildConfiguration;
			buildSettings = {
				ALWAYS_SEARCH_USER_PATHS = NO;
				ARCHS = "$(ARCHS_STANDARD_INCLUDING_64_BIT)";
				CLANG_CXX_LANGUAGE_STANDARD = "gnu++0x";
				CLANG_CXX_LIBRARY = "libc++";
				CLANG_ENABLE_MODULES = YES;
				CLANG_ENABLE_OBJC_ARC = YES;
				CLANG_WARN_BOOL_CONVERSION = YES;
				CLANG_WARN_CONSTANT_CONVERSION = YES;
				CLANG_WARN_DIRECT_OBJC_ISA_USAGE = YES_ERROR;
				CLANG_WARN_EMPTY_BODY = YES;
				CLANG_WARN_ENUM_CONVERSION = YES;
				CLANG_WARN_INT_CONVERSION = YES;
				CLANG_WARN_OBJC_ROOT_CLASS = YES_ERROR;
				CLANG_WARN__DUPLICATE_METHOD_MATCH = YES;
				"CODE_SIGN_IDENTITY[sdk=iphoneos*]" = "iPhone Developer";
				COPY_PHASE_STRIP = YES;
				ENABLE_NS_ASSERTIONS = NO;
				GCC_C_LANGUAGE_STANDARD = gnu99;
				GCC_WARN_64_TO_32_BIT_CONVERSION = YES;
				GCC_WARN_ABOUT_RETURN_TYPE = YES_ERROR;
				GCC_WARN_UNDECLARED_SELECTOR = YES;
				GCC_WARN_UNINITIALIZED_AUTOS = YES;
				GCC_WARN_UNUSED_FUNCTION = YES;
				GCC_WARN_UNUSED_VARIABLE = YES;
				IPHONEOS_DEPLOYMENT_TARGET = 5.0;
				SDKROOT = iphoneos;
				VALIDATE_PRODUCT = YES;
			};
			name = Release;
		};
		1682D8ED196EC104008EDEE6 /* Debug */ = {
			isa = XCBuildConfiguration;
			buildSettings = {
				ASSETCATALOG_COMPILER_APPICON_NAME = AppIcon;
				ASSETCATALOG_COMPILER_LAUNCHIMAGE_NAME = LaunchImage;
				GCC_PRECOMPILE_PREFIX_HEADER = YES;
				GCC_PREFIX_HEADER = "Main/e-Heathy-Prefix.pch";
				INFOPLIST_FILE = "Main/e-Heathy-Info.plist";
				IPHONEOS_DEPLOYMENT_TARGET = 5.0;
				PRODUCT_NAME = "$(TARGET_NAME)";
				PROVISIONING_PROFILE = "9D57B838-938E-4D3A-8C44-E3705C32E146";
				TARGETED_DEVICE_FAMILY = 1;
				VALID_ARCHS = "arm64 armv7";
				WRAPPER_EXTENSION = app;
			};
			name = Debug;
		};
		1682D8EE196EC104008EDEE6 /* Release */ = {
			isa = XCBuildConfiguration;
			buildSettings = {
				ASSETCATALOG_COMPILER_APPICON_NAME = AppIcon;
				ASSETCATALOG_COMPILER_LAUNCHIMAGE_NAME = LaunchImage;
				GCC_PRECOMPILE_PREFIX_HEADER = YES;
				GCC_PREFIX_HEADER = "Main/e-Heathy-Prefix.pch";
				INFOPLIST_FILE = "Main/e-Heathy-Info.plist";
				IPHONEOS_DEPLOYMENT_TARGET = 5.0;
				PRODUCT_NAME = "$(TARGET_NAME)";
				PROVISIONING_PROFILE = "9D57B838-938E-4D3A-8C44-E3705C32E146";
				TARGETED_DEVICE_FAMILY = 1;
				VALID_ARCHS = "arm64 armv7";
				WRAPPER_EXTENSION = app;
			};
			name = Release;
		};
/* End XCBuildConfiguration section */

/* Begin XCConfigurationList section */
		1682D8BB196EC104008EDEE6 /* Build configuration list for PBXProject "e-Heathy" */ = {
			isa = XCConfigurationList;
			buildConfigurations = (
				1682D8EA196EC104008EDEE6 /* Debug */,
				1682D8EB196EC104008EDEE6 /* Release */,
			);
			defaultConfigurationIsVisible = 0;
			defaultConfigurationName = Release;
		};
		1682D8EC196EC104008EDEE6 /* Build configuration list for PBXNativeTarget "e-Heathy" */ = {
			isa = XCConfigurationList;
			buildConfigurations = (
				1682D8ED196EC104008EDEE6 /* Debug */,
				1682D8EE196EC104008EDEE6 /* Release */,
			);
			defaultConfigurationIsVisible = 0;
			defaultConfigurationName = Release;
		};
/* End XCConfigurationList section */
	};
	rootObject = 1682D8B8196EC104008EDEE6 /* Project object */;
}
