// !$*UTF8*$!
{
	archiveVersion = 1;
	classes = {
	};
	objectVersion = 46;
	objects = {

/* Begin PBXBuildFile section */
		1614BF79197114E9004402FA /* search_icon@2x.png in Resources */ = {isa = PBXBuildFile; fileRef = 1614BF78197114E9004402FA /* search_icon@2x.png */; };
		16429EE5197189650035EBA4 /* MapKit.framework in Frameworks */ = {isa = PBXBuildFile; fileRef = 16429EE4197189650035EBA4 /* MapKit.framework */; };
		16429EE719718C1C0035EBA4 /* CoreLocation.framework in Frameworks */ = {isa = PBXBuildFile; fileRef = 16429EE619718C1C0035EBA4 /* CoreLocation.framework */; };
		16468B6919CD62FC0095EC7D /* RootVc.mm in Sources */ = {isa = PBXBuildFile; fileRef = 16468B6819CD62FC0095EC7D /* RootVc.mm */; };
		16468B7219CD646C0095EC7D /* btn_air_hospital_normal.png in Resources */ = {isa = PBXBuildFile; fileRef = 16468B6A19CD646C0095EC7D /* btn_air_hospital_normal.png */; };
		16468B7319CD646C0095EC7D /* btn_air_hospital_normal@2x.png in Resources */ = {isa = PBXBuildFile; fileRef = 16468B6B19CD646C0095EC7D /* btn_air_hospital_normal@2x.png */; };
		16468B7419CD646C0095EC7D /* btn_air_hospital_selected.png in Resources */ = {isa = PBXBuildFile; fileRef = 16468B6C19CD646C0095EC7D /* btn_air_hospital_selected.png */; };
		16468B7519CD646C0095EC7D /* btn_air_hospital_selected@2x.png in Resources */ = {isa = PBXBuildFile; fileRef = 16468B6D19CD646C0095EC7D /* btn_air_hospital_selected@2x.png */; };
		16468B7619CD646C0095EC7D /* btn_user_center_normal.png in Resources */ = {isa = PBXBuildFile; fileRef = 16468B6E19CD646C0095EC7D /* btn_user_center_normal.png */; };
		16468B7719CD646C0095EC7D /* btn_user_center_normal@2x.png in Resources */ = {isa = PBXBuildFile; fileRef = 16468B6F19CD646C0095EC7D /* btn_user_center_normal@2x.png */; };
		16468B7819CD646C0095EC7D /* btn_user_center_selected.png in Resources */ = {isa = PBXBuildFile; fileRef = 16468B7019CD646C0095EC7D /* btn_user_center_selected.png */; };
		16468B7919CD646C0095EC7D /* btn_user_center_selected@2x.png in Resources */ = {isa = PBXBuildFile; fileRef = 16468B7119CD646C0095EC7D /* btn_user_center_selected@2x.png */; };
		16468B8019CE63930095EC7D /* TabBarContentPanel.mm in Sources */ = {isa = PBXBuildFile; fileRef = 16468B7F19CE63930095EC7D /* TabBarContentPanel.mm */; };
		164AA7A7197D4E0B000B1202 /* main_1.png in Resources */ = {isa = PBXBuildFile; fileRef = 164AA7A3197D4E0B000B1202 /* main_1.png */; };
		164AA7A8197D4E0B000B1202 /* main_3.png in Resources */ = {isa = PBXBuildFile; fileRef = 164AA7A4197D4E0B000B1202 /* main_3.png */; };
		164AA7A9197D4E0B000B1202 /* main_0.png in Resources */ = {isa = PBXBuildFile; fileRef = 164AA7A5197D4E0B000B1202 /* main_0.png */; };
		164AA7AA197D4E0B000B1202 /* main_2.png in Resources */ = {isa = PBXBuildFile; fileRef = 164AA7A6197D4E0B000B1202 /* main_2.png */; };
		1682D8C4196EC104008EDEE6 /* Foundation.framework in Frameworks */ = {isa = PBXBuildFile; fileRef = 1682D8C3196EC104008EDEE6 /* Foundation.framework */; };
		1682D8C6196EC104008EDEE6 /* CoreGraphics.framework in Frameworks */ = {isa = PBXBuildFile; fileRef = 1682D8C5196EC104008EDEE6 /* CoreGraphics.framework */; };
		1682D8C8196EC104008EDEE6 /* UIKit.framework in Frameworks */ = {isa = PBXBuildFile; fileRef = 1682D8C7196EC104008EDEE6 /* UIKit.framework */; };
		1682D904196EC2C6008EDEE6 /* AppDelegate.m in Sources */ = {isa = PBXBuildFile; fileRef = 1682D900196EC2C6008EDEE6 /* AppDelegate.m */; };
		1682D906196EC2C6008EDEE6 /* main.m in Sources */ = {isa = PBXBuildFile; fileRef = 1682D903196EC2C6008EDEE6 /* main.m */; };
		1682D950196ECC6B008EDEE6 /* libsqlite3.0.dylib in Frameworks */ = {isa = PBXBuildFile; fileRef = 1682D94F196ECC6B008EDEE6 /* libsqlite3.0.dylib */; };
		16A16C2D1970D11C00374A9C /* 0_hl@2x.png in Resources */ = {isa = PBXBuildFile; fileRef = 16A16C231970D11C00374A9C /* 0_hl@2x.png */; };
		16A16C2E1970D11C00374A9C /* 0@2x.png in Resources */ = {isa = PBXBuildFile; fileRef = 16A16C241970D11C00374A9C /* 0@2x.png */; };
		16A16C2F1970D11C00374A9C /* 1_hl@2x.png in Resources */ = {isa = PBXBuildFile; fileRef = 16A16C251970D11C00374A9C /* 1_hl@2x.png */; };
		16A16C301970D11C00374A9C /* 1@2x.png in Resources */ = {isa = PBXBuildFile; fileRef = 16A16C261970D11C00374A9C /* 1@2x.png */; };
		16A16C311970D11C00374A9C /* 2_hl@2x.png in Resources */ = {isa = PBXBuildFile; fileRef = 16A16C271970D11C00374A9C /* 2_hl@2x.png */; };
		16A16C321970D11C00374A9C /* 2@2x.png in Resources */ = {isa = PBXBuildFile; fileRef = 16A16C281970D11C00374A9C /* 2@2x.png */; };
		16A16C331970D11C00374A9C /* 3_hl@2x.png in Resources */ = {isa = PBXBuildFile; fileRef = 16A16C291970D11C00374A9C /* 3_hl@2x.png */; };
		16A16C341970D11C00374A9C /* 3@2x.png in Resources */ = {isa = PBXBuildFile; fileRef = 16A16C2A1970D11C00374A9C /* 3@2x.png */; };
		16A16C351970D11C00374A9C /* 4_hl@2x.png in Resources */ = {isa = PBXBuildFile; fileRef = 16A16C2B1970D11C00374A9C /* 4_hl@2x.png */; };
		16A16C361970D11C00374A9C /* 4@2x.png in Resources */ = {isa = PBXBuildFile; fileRef = 16A16C2C1970D11C00374A9C /* 4@2x.png */; };
		16A4861D19C9E34700135A5D /* CFNetwork.framework in Frameworks */ = {isa = PBXBuildFile; fileRef = 16A4861B19C9E2A300135A5D /* CFNetwork.framework */; };
		16A4861F19C9E35300135A5D /* SystemConfiguration.framework in Frameworks */ = {isa = PBXBuildFile; fileRef = 16A4861E19C9E35300135A5D /* SystemConfiguration.framework */; };
		16A4862119C9E35C00135A5D /* MobileCoreServices.framework in Frameworks */ = {isa = PBXBuildFile; fileRef = 16A4862019C9E35C00135A5D /* MobileCoreServices.framework */; };
		16A4862319C9E36E00135A5D /* libz.dylib in Frameworks */ = {isa = PBXBuildFile; fileRef = 16A4862219C9E36E00135A5D /* libz.dylib */; };
		16A486C419C9E5EF00135A5D /* UIButton+Addition.mm in Sources */ = {isa = PBXBuildFile; fileRef = 16A4864719C9E5EF00135A5D /* UIButton+Addition.mm */; };
		16A486C519C9E5EF00135A5D /* UIColor+Hex.mm in Sources */ = {isa = PBXBuildFile; fileRef = 16A4864919C9E5EF00135A5D /* UIColor+Hex.mm */; };
		16A486C619C9E5EF00135A5D /* UIImage+Addition.mm in Sources */ = {isa = PBXBuildFile; fileRef = 16A4864B19C9E5EF00135A5D /* UIImage+Addition.mm */; };
		16A486C719C9E5EF00135A5D /* UIView+Layout.mm in Sources */ = {isa = PBXBuildFile; fileRef = 16A4864D19C9E5EF00135A5D /* UIView+Layout.mm */; };
		16A486C819C9E5EF00135A5D /* UserInfoDto.m in Sources */ = {isa = PBXBuildFile; fileRef = 16A4865019C9E5EF00135A5D /* UserInfoDto.m */; };
		16A486C919C9E5EF00135A5D /* Cache.mm in Sources */ = {isa = PBXBuildFile; fileRef = 16A4865419C9E5EF00135A5D /* Cache.mm */; };
		16A486CA19C9E5EF00135A5D /* const.mm in Sources */ = {isa = PBXBuildFile; fileRef = 16A4865619C9E5EF00135A5D /* const.mm */; };
		16A486CE19C9E5EF00135A5D /* Global.mm in Sources */ = {isa = PBXBuildFile; fileRef = 16A4866019C9E5EF00135A5D /* Global.mm */; };
		16A486CF19C9E5EF00135A5D /* SysInfo.mm in Sources */ = {isa = PBXBuildFile; fileRef = 16A4866219C9E5EF00135A5D /* SysInfo.mm */; };
		16A486D019C9E5EF00135A5D /* TemplateVc.mm in Sources */ = {isa = PBXBuildFile; fileRef = 16A4866519C9E5EF00135A5D /* TemplateVc.mm */; };
		16A486D119C9E5EF00135A5D /* ASIAuthenticationDialog.m in Sources */ = {isa = PBXBuildFile; fileRef = 16A4866919C9E5EF00135A5D /* ASIAuthenticationDialog.m */; settings = {COMPILER_FLAGS = "-fno-objc-arc"; }; };
		16A486D219C9E5EF00135A5D /* ASIDataCompressor.m in Sources */ = {isa = PBXBuildFile; fileRef = 16A4866C19C9E5EF00135A5D /* ASIDataCompressor.m */; settings = {COMPILER_FLAGS = "-fno-objc-arc"; }; };
		16A486D319C9E5EF00135A5D /* ASIDataDecompressor.m in Sources */ = {isa = PBXBuildFile; fileRef = 16A4866E19C9E5EF00135A5D /* ASIDataDecompressor.m */; settings = {COMPILER_FLAGS = "-fno-objc-arc"; }; };
		16A486D419C9E5EF00135A5D /* ASIDownloadCache.m in Sources */ = {isa = PBXBuildFile; fileRef = 16A4867019C9E5EF00135A5D /* ASIDownloadCache.m */; settings = {COMPILER_FLAGS = "-fno-objc-arc"; }; };
		16A486D519C9E5EF00135A5D /* ASIFormDataRequest.m in Sources */ = {isa = PBXBuildFile; fileRef = 16A4867219C9E5EF00135A5D /* ASIFormDataRequest.m */; settings = {COMPILER_FLAGS = "-fno-objc-arc"; }; };
		16A486D619C9E5EF00135A5D /* ASIHTTPRequest.m in Sources */ = {isa = PBXBuildFile; fileRef = 16A4867419C9E5EF00135A5D /* ASIHTTPRequest.m */; settings = {COMPILER_FLAGS = "-fno-objc-arc"; }; };
		16A486D719C9E5EF00135A5D /* ASIInputStream.m in Sources */ = {isa = PBXBuildFile; fileRef = 16A4867819C9E5EF00135A5D /* ASIInputStream.m */; settings = {COMPILER_FLAGS = "-fno-objc-arc"; }; };
		16A486D819C9E5EF00135A5D /* ASINetworkQueue.m in Sources */ = {isa = PBXBuildFile; fileRef = 16A4867A19C9E5EF00135A5D /* ASINetworkQueue.m */; settings = {COMPILER_FLAGS = "-fno-objc-arc"; }; };
		16A486D919C9E5EF00135A5D /* Reachability.m in Sources */ = {isa = PBXBuildFile; fileRef = 16A4867D19C9E5EF00135A5D /* Reachability.m */; settings = {COMPILER_FLAGS = "-fno-objc-arc"; }; };
		16A486DA19C9E5EF00135A5D /* FMDatabase.m in Sources */ = {isa = PBXBuildFile; fileRef = 16A4868019C9E5EF00135A5D /* FMDatabase.m */; };
		16A486DB19C9E5EF00135A5D /* FMDatabaseAdditions.m in Sources */ = {isa = PBXBuildFile; fileRef = 16A4868219C9E5EF00135A5D /* FMDatabaseAdditions.m */; };
		16A486DC19C9E5EF00135A5D /* FMDatabasePool.m in Sources */ = {isa = PBXBuildFile; fileRef = 16A4868419C9E5EF00135A5D /* FMDatabasePool.m */; };
		16A486DD19C9E5EF00135A5D /* FMDatabaseQueue.m in Sources */ = {isa = PBXBuildFile; fileRef = 16A4868619C9E5EF00135A5D /* FMDatabaseQueue.m */; };
		16A486DE19C9E5EF00135A5D /* FMResultSet.m in Sources */ = {isa = PBXBuildFile; fileRef = 16A4868919C9E5EF00135A5D /* FMResultSet.m */; };
		16A486DF19C9E5EF00135A5D /* MBProgressHUD.m in Sources */ = {isa = PBXBuildFile; fileRef = 16A4868C19C9E5EF00135A5D /* MBProgressHUD.m */; };
		16A486E019C9E5EF00135A5D /* BaseHttpVc.mm in Sources */ = {isa = PBXBuildFile; fileRef = 16A4868F19C9E5EF00135A5D /* BaseHttpVc.mm */; };
		16A486E119C9E5EF00135A5D /* BaseLayoutVc.mm in Sources */ = {isa = PBXBuildFile; fileRef = 16A4869119C9E5EF00135A5D /* BaseLayoutVc.mm */; };
		16A486E219C9E5EF00135A5D /* BaseListVc.mm in Sources */ = {isa = PBXBuildFile; fileRef = 16A4869319C9E5EF00135A5D /* BaseListVc.mm */; };
		16A486E319C9E5EF00135A5D /* BaseSectionListVc.mm in Sources */ = {isa = PBXBuildFile; fileRef = 16A4869519C9E5EF00135A5D /* BaseSectionListVc.mm */; };
		16A486E419C9E5EF00135A5D /* BaseSingleListVc.mm in Sources */ = {isa = PBXBuildFile; fileRef = 16A4869719C9E5EF00135A5D /* BaseSingleListVc.mm */; };
		16A486E519C9E5EF00135A5D /* BaseVc.mm in Sources */ = {isa = PBXBuildFile; fileRef = 16A4869919C9E5EF00135A5D /* BaseVc.mm */; };
		16A486E619C9E5EF00135A5D /* TabBarBottomPanel.mm in Sources */ = {isa = PBXBuildFile; fileRef = 16A4869C19C9E5EF00135A5D /* TabBarBottomPanel.mm */; };
		16A486E719C9E5EF00135A5D /* RefreshPanel.mm in Sources */ = {isa = PBXBuildFile; fileRef = 16A4869E19C9E5EF00135A5D /* RefreshPanel.mm */; };
		16A486E819C9E5EF00135A5D /* TopPanel.mm in Sources */ = {isa = PBXBuildFile; fileRef = 16A486A019C9E5EF00135A5D /* TopPanel.mm */; };
		16A486E919C9E5EF00135A5D /* ChkUtil.mm in Sources */ = {isa = PBXBuildFile; fileRef = 16A486A319C9E5EF00135A5D /* ChkUtil.mm */; };
		16A8920F19837294000A9E23 /* Default-568h@2x.png in Resources */ = {isa = PBXBuildFile; fileRef = 16A8920C19837294000A9E23 /* Default-568h@2x.png */; };
		16A8921019837294000A9E23 /* Default.png in Resources */ = {isa = PBXBuildFile; fileRef = 16A8920D19837294000A9E23 /* Default.png */; };
		16A8921119837294000A9E23 /* Default~iphone.png in Resources */ = {isa = PBXBuildFile; fileRef = 16A8920E19837294000A9E23 /* Default~iphone.png */; };
		16E3A08B1971407500A1AB22 /* rr_rmd@2x.png in Resources */ = {isa = PBXBuildFile; fileRef = 16E3A08A1971407500A1AB22 /* rr_rmd@2x.png */; };
/* End PBXBuildFile section */

/* Begin PBXFileReference section */
		1614BF78197114E9004402FA /* search_icon@2x.png */ = {isa = PBXFileReference; lastKnownFileType = image.png; path = "search_icon@2x.png"; sourceTree = "<group>"; };
		16429EE4197189650035EBA4 /* MapKit.framework */ = {isa = PBXFileReference; lastKnownFileType = wrapper.framework; name = MapKit.framework; path = System/Library/Frameworks/MapKit.framework; sourceTree = SDKROOT; };
		16429EE619718C1C0035EBA4 /* CoreLocation.framework */ = {isa = PBXFileReference; lastKnownFileType = wrapper.framework; name = CoreLocation.framework; path = System/Library/Frameworks/CoreLocation.framework; sourceTree = SDKROOT; };
		16468B6719CD62FC0095EC7D /* RootVc.h */ = {isa = PBXFileReference; fileEncoding = 4; lastKnownFileType = sourcecode.c.h; path = RootVc.h; sourceTree = "<group>"; };
		16468B6819CD62FC0095EC7D /* RootVc.mm */ = {isa = PBXFileReference; fileEncoding = 4; lastKnownFileType = sourcecode.cpp.objcpp; path = RootVc.mm; sourceTree = "<group>"; };
		16468B6A19CD646C0095EC7D /* btn_air_hospital_normal.png */ = {isa = PBXFileReference; lastKnownFileType = image.png; path = btn_air_hospital_normal.png; sourceTree = "<group>"; };
		16468B6B19CD646C0095EC7D /* btn_air_hospital_normal@2x.png */ = {isa = PBXFileReference; lastKnownFileType = image.png; path = "btn_air_hospital_normal@2x.png"; sourceTree = "<group>"; };
		16468B6C19CD646C0095EC7D /* btn_air_hospital_selected.png */ = {isa = PBXFileReference; lastKnownFileType = image.png; path = btn_air_hospital_selected.png; sourceTree = "<group>"; };
		16468B6D19CD646C0095EC7D /* btn_air_hospital_selected@2x.png */ = {isa = PBXFileReference; lastKnownFileType = image.png; path = "btn_air_hospital_selected@2x.png"; sourceTree = "<group>"; };
		16468B6E19CD646C0095EC7D /* btn_user_center_normal.png */ = {isa = PBXFileReference; lastKnownFileType = image.png; path = btn_user_center_normal.png; sourceTree = "<group>"; };
		16468B6F19CD646C0095EC7D /* btn_user_center_normal@2x.png */ = {isa = PBXFileReference; lastKnownFileType = image.png; path = "btn_user_center_normal@2x.png"; sourceTree = "<group>"; };
		16468B7019CD646C0095EC7D /* btn_user_center_selected.png */ = {isa = PBXFileReference; lastKnownFileType = image.png; path = btn_user_center_selected.png; sourceTree = "<group>"; };
		16468B7119CD646C0095EC7D /* btn_user_center_selected@2x.png */ = {isa = PBXFileReference; lastKnownFileType = image.png; path = "btn_user_center_selected@2x.png"; sourceTree = "<group>"; };
		16468B7E19CE63930095EC7D /* TabBarContentPanel.h */ = {isa = PBXFileReference; fileEncoding = 4; lastKnownFileType = sourcecode.c.h; path = TabBarContentPanel.h; sourceTree = "<group>"; };
		16468B7F19CE63930095EC7D /* TabBarContentPanel.mm */ = {isa = PBXFileReference; fileEncoding = 4; lastKnownFileType = sourcecode.cpp.objcpp; path = TabBarContentPanel.mm; sourceTree = "<group>"; };
		164AA7A3197D4E0B000B1202 /* main_1.png */ = {isa = PBXFileReference; lastKnownFileType = image.png; path = main_1.png; sourceTree = "<group>"; };
		164AA7A4197D4E0B000B1202 /* main_3.png */ = {isa = PBXFileReference; lastKnownFileType = image.png; path = main_3.png; sourceTree = "<group>"; };
		164AA7A5197D4E0B000B1202 /* main_0.png */ = {isa = PBXFileReference; lastKnownFileType = image.png; path = main_0.png; sourceTree = "<group>"; };
		164AA7A6197D4E0B000B1202 /* main_2.png */ = {isa = PBXFileReference; lastKnownFileType = image.png; path = main_2.png; sourceTree = "<group>"; };
		1682D8C0196EC104008EDEE6 /* e-Heathy.app */ = {isa = PBXFileReference; explicitFileType = wrapper.application; includeInIndex = 0; path = "e-Heathy.app"; sourceTree = BUILT_PRODUCTS_DIR; };
		1682D8C3196EC104008EDEE6 /* Foundation.framework */ = {isa = PBXFileReference; lastKnownFileType = wrapper.framework; name = Foundation.framework; path = System/Library/Frameworks/Foundation.framework; sourceTree = SDKROOT; };
		1682D8C5196EC104008EDEE6 /* CoreGraphics.framework */ = {isa = PBXFileReference; lastKnownFileType = wrapper.framework; name = CoreGraphics.framework; path = System/Library/Frameworks/CoreGraphics.framework; sourceTree = SDKROOT; };
		1682D8C7196EC104008EDEE6 /* UIKit.framework */ = {isa = PBXFileReference; lastKnownFileType = wrapper.framework; name = UIKit.framework; path = System/Library/Frameworks/UIKit.framework; sourceTree = SDKROOT; };
		1682D8DC196EC104008EDEE6 /* XCTest.framework */ = {isa = PBXFileReference; lastKnownFileType = wrapper.framework; name = XCTest.framework; path = Library/Frameworks/XCTest.framework; sourceTree = DEVELOPER_DIR; };
		1682D8FF196EC2C6008EDEE6 /* AppDelegate.h */ = {isa = PBXFileReference; fileEncoding = 4; lastKnownFileType = sourcecode.c.h; path = AppDelegate.h; sourceTree = "<group>"; };
		1682D900196EC2C6008EDEE6 /* AppDelegate.m */ = {isa = PBXFileReference; fileEncoding = 4; lastKnownFileType = sourcecode.c.objc; path = AppDelegate.m; sourceTree = "<group>"; };
		1682D902196EC2C6008EDEE6 /* e-Heathy-Prefix.pch */ = {isa = PBXFileReference; fileEncoding = 4; lastKnownFileType = sourcecode.c.h; path = "e-Heathy-Prefix.pch"; sourceTree = "<group>"; };
		1682D903196EC2C6008EDEE6 /* main.m */ = {isa = PBXFileReference; fileEncoding = 4; lastKnownFileType = sourcecode.c.objc; path = main.m; sourceTree = "<group>"; };
		1682D94F196ECC6B008EDEE6 /* libsqlite3.0.dylib */ = {isa = PBXFileReference; lastKnownFileType = "compiled.mach-o.dylib"; name = libsqlite3.0.dylib; path = usr/lib/libsqlite3.0.dylib; sourceTree = SDKROOT; };
		1682D9BC196ED011008EDEE6 /* e-Heathy-Info.plist */ = {isa = PBXFileReference; fileEncoding = 4; lastKnownFileType = text.plist.xml; path = "e-Heathy-Info.plist"; sourceTree = "<group>"; };
		16A16C231970D11C00374A9C /* 0_hl@2x.png */ = {isa = PBXFileReference; lastKnownFileType = image.png; path = "0_hl@2x.png"; sourceTree = "<group>"; };
		16A16C241970D11C00374A9C /* 0@2x.png */ = {isa = PBXFileReference; lastKnownFileType = image.png; path = "0@2x.png"; sourceTree = "<group>"; };
		16A16C251970D11C00374A9C /* 1_hl@2x.png */ = {isa = PBXFileReference; lastKnownFileType = image.png; path = "1_hl@2x.png"; sourceTree = "<group>"; };
		16A16C261970D11C00374A9C /* 1@2x.png */ = {isa = PBXFileReference; lastKnownFileType = image.png; path = "1@2x.png"; sourceTree = "<group>"; };
		16A16C271970D11C00374A9C /* 2_hl@2x.png */ = {isa = PBXFileReference; lastKnownFileType = image.png; path = "2_hl@2x.png"; sourceTree = "<group>"; };
		16A16C281970D11C00374A9C /* 2@2x.png */ = {isa = PBXFileReference; lastKnownFileType = image.png; path = "2@2x.png"; sourceTree = "<group>"; };
		16A16C291970D11C00374A9C /* 3_hl@2x.png */ = {isa = PBXFileReference; lastKnownFileType = image.png; path = "3_hl@2x.png"; sourceTree = "<group>"; };
		16A16C2A1970D11C00374A9C /* 3@2x.png */ = {isa = PBXFileReference; lastKnownFileType = image.png; path = "3@2x.png"; sourceTree = "<group>"; };
		16A16C2B1970D11C00374A9C /* 4_hl@2x.png */ = {isa = PBXFileReference; lastKnownFileType = image.png; path = "4_hl@2x.png"; sourceTree = "<group>"; };
		16A16C2C1970D11C00374A9C /* 4@2x.png */ = {isa = PBXFileReference; lastKnownFileType = image.png; path = "4@2x.png"; sourceTree = "<group>"; };
		16A4861B19C9E2A300135A5D /* CFNetwork.framework */ = {isa = PBXFileReference; lastKnownFileType = wrapper.framework; name = CFNetwork.framework; path = System/Library/Frameworks/CFNetwork.framework; sourceTree = SDKROOT; };
		16A4861E19C9E35300135A5D /* SystemConfiguration.framework */ = {isa = PBXFileReference; lastKnownFileType = wrapper.framework; name = SystemConfiguration.framework; path = System/Library/Frameworks/SystemConfiguration.framework; sourceTree = SDKROOT; };
		16A4862019C9E35C00135A5D /* MobileCoreServices.framework */ = {isa = PBXFileReference; lastKnownFileType = wrapper.framework; name = MobileCoreServices.framework; path = System/Library/Frameworks/MobileCoreServices.framework; sourceTree = SDKROOT; };
		16A4862219C9E36E00135A5D /* libz.dylib */ = {isa = PBXFileReference; lastKnownFileType = "compiled.mach-o.dylib"; name = libz.dylib; path = usr/lib/libz.dylib; sourceTree = SDKROOT; };
		16A4864619C9E5EF00135A5D /* UIButton+Addition.h */ = {isa = PBXFileReference; fileEncoding = 4; lastKnownFileType = sourcecode.c.h; path = "UIButton+Addition.h"; sourceTree = "<group>"; };
		16A4864719C9E5EF00135A5D /* UIButton+Addition.mm */ = {isa = PBXFileReference; fileEncoding = 4; lastKnownFileType = sourcecode.cpp.objcpp; path = "UIButton+Addition.mm"; sourceTree = "<group>"; };
		16A4864819C9E5EF00135A5D /* UIColor+Hex.h */ = {isa = PBXFileReference; fileEncoding = 4; lastKnownFileType = sourcecode.c.h; path = "UIColor+Hex.h"; sourceTree = "<group>"; };
		16A4864919C9E5EF00135A5D /* UIColor+Hex.mm */ = {isa = PBXFileReference; fileEncoding = 4; lastKnownFileType = sourcecode.cpp.objcpp; path = "UIColor+Hex.mm"; sourceTree = "<group>"; };
		16A4864A19C9E5EF00135A5D /* UIImage+Addition.h */ = {isa = PBXFileReference; fileEncoding = 4; lastKnownFileType = sourcecode.c.h; path = "UIImage+Addition.h"; sourceTree = "<group>"; };
		16A4864B19C9E5EF00135A5D /* UIImage+Addition.mm */ = {isa = PBXFileReference; fileEncoding = 4; lastKnownFileType = sourcecode.cpp.objcpp; path = "UIImage+Addition.mm"; sourceTree = "<group>"; };
		16A4864C19C9E5EF00135A5D /* UIView+Layout.h */ = {isa = PBXFileReference; fileEncoding = 4; lastKnownFileType = sourcecode.c.h; path = "UIView+Layout.h"; sourceTree = "<group>"; };
		16A4864D19C9E5EF00135A5D /* UIView+Layout.mm */ = {isa = PBXFileReference; fileEncoding = 4; lastKnownFileType = sourcecode.cpp.objcpp; path = "UIView+Layout.mm"; sourceTree = "<group>"; };
		16A4864F19C9E5EF00135A5D /* UserInfoDto.h */ = {isa = PBXFileReference; fileEncoding = 4; lastKnownFileType = sourcecode.c.h; path = UserInfoDto.h; sourceTree = "<group>"; };
		16A4865019C9E5EF00135A5D /* UserInfoDto.m */ = {isa = PBXFileReference; fileEncoding = 4; lastKnownFileType = sourcecode.c.objc; path = UserInfoDto.m; sourceTree = "<group>"; };
		16A4865319C9E5EF00135A5D /* Cache.h */ = {isa = PBXFileReference; fileEncoding = 4; lastKnownFileType = sourcecode.c.h; path = Cache.h; sourceTree = "<group>"; };
		16A4865419C9E5EF00135A5D /* Cache.mm */ = {isa = PBXFileReference; fileEncoding = 4; lastKnownFileType = sourcecode.cpp.objcpp; path = Cache.mm; sourceTree = "<group>"; };
		16A4865519C9E5EF00135A5D /* const.h */ = {isa = PBXFileReference; fileEncoding = 4; lastKnownFileType = sourcecode.c.h; path = const.h; sourceTree = "<group>"; };
		16A4865619C9E5EF00135A5D /* const.mm */ = {isa = PBXFileReference; fileEncoding = 4; lastKnownFileType = sourcecode.cpp.objcpp; path = const.mm; sourceTree = "<group>"; };
		16A4865F19C9E5EF00135A5D /* Global.h */ = {isa = PBXFileReference; fileEncoding = 4; lastKnownFileType = sourcecode.c.h; path = Global.h; sourceTree = "<group>"; };
		16A4866019C9E5EF00135A5D /* Global.mm */ = {isa = PBXFileReference; fileEncoding = 4; lastKnownFileType = sourcecode.cpp.objcpp; path = Global.mm; sourceTree = "<group>"; };
		16A4866119C9E5EF00135A5D /* SysInfo.h */ = {isa = PBXFileReference; fileEncoding = 4; lastKnownFileType = sourcecode.c.h; path = SysInfo.h; sourceTree = "<group>"; };
		16A4866219C9E5EF00135A5D /* SysInfo.mm */ = {isa = PBXFileReference; fileEncoding = 4; lastKnownFileType = sourcecode.cpp.objcpp; path = SysInfo.mm; sourceTree = "<group>"; };
		16A4866419C9E5EF00135A5D /* TemplateVc.h */ = {isa = PBXFileReference; fileEncoding = 4; lastKnownFileType = sourcecode.c.h; path = TemplateVc.h; sourceTree = "<group>"; };
		16A4866519C9E5EF00135A5D /* TemplateVc.mm */ = {isa = PBXFileReference; fileEncoding = 4; lastKnownFileType = sourcecode.cpp.objcpp; path = TemplateVc.mm; sourceTree = "<group>"; };
		16A4866819C9E5EF00135A5D /* ASIAuthenticationDialog.h */ = {isa = PBXFileReference; fileEncoding = 4; lastKnownFileType = sourcecode.c.h; path = ASIAuthenticationDialog.h; sourceTree = "<group>"; };
		16A4866919C9E5EF00135A5D /* ASIAuthenticationDialog.m */ = {isa = PBXFileReference; fileEncoding = 4; lastKnownFileType = sourcecode.c.objc; path = ASIAuthenticationDialog.m; sourceTree = "<group>"; };
		16A4866A19C9E5EF00135A5D /* ASICacheDelegate.h */ = {isa = PBXFileReference; fileEncoding = 4; lastKnownFileType = sourcecode.c.h; path = ASICacheDelegate.h; sourceTree = "<group>"; };
		16A4866B19C9E5EF00135A5D /* ASIDataCompressor.h */ = {isa = PBXFileReference; fileEncoding = 4; lastKnownFileType = sourcecode.c.h; path = ASIDataCompressor.h; sourceTree = "<group>"; };
		16A4866C19C9E5EF00135A5D /* ASIDataCompressor.m */ = {isa = PBXFileReference; fileEncoding = 4; lastKnownFileType = sourcecode.c.objc; path = ASIDataCompressor.m; sourceTree = "<group>"; };
		16A4866D19C9E5EF00135A5D /* ASIDataDecompressor.h */ = {isa = PBXFileReference; fileEncoding = 4; lastKnownFileType = sourcecode.c.h; path = ASIDataDecompressor.h; sourceTree = "<group>"; };
		16A4866E19C9E5EF00135A5D /* ASIDataDecompressor.m */ = {isa = PBXFileReference; fileEncoding = 4; lastKnownFileType = sourcecode.c.objc; path = ASIDataDecompressor.m; sourceTree = "<group>"; };
		16A4866F19C9E5EF00135A5D /* ASIDownloadCache.h */ = {isa = PBXFileReference; fileEncoding = 4; lastKnownFileType = sourcecode.c.h; path = ASIDownloadCache.h; sourceTree = "<group>"; };
		16A4867019C9E5EF00135A5D /* ASIDownloadCache.m */ = {isa = PBXFileReference; fileEncoding = 4; lastKnownFileType = sourcecode.c.objc; path = ASIDownloadCache.m; sourceTree = "<group>"; };
		16A4867119C9E5EF00135A5D /* ASIFormDataRequest.h */ = {isa = PBXFileReference; fileEncoding = 4; lastKnownFileType = sourcecode.c.h; path = ASIFormDataRequest.h; sourceTree = "<group>"; };
		16A4867219C9E5EF00135A5D /* ASIFormDataRequest.m */ = {isa = PBXFileReference; fileEncoding = 4; lastKnownFileType = sourcecode.c.objc; path = ASIFormDataRequest.m; sourceTree = "<group>"; };
		16A4867319C9E5EF00135A5D /* ASIHTTPRequest.h */ = {isa = PBXFileReference; fileEncoding = 4; lastKnownFileType = sourcecode.c.h; path = ASIHTTPRequest.h; sourceTree = "<group>"; };
		16A4867419C9E5EF00135A5D /* ASIHTTPRequest.m */ = {isa = PBXFileReference; fileEncoding = 4; lastKnownFileType = sourcecode.c.objc; path = ASIHTTPRequest.m; sourceTree = "<group>"; };
		16A4867519C9E5EF00135A5D /* ASIHTTPRequestConfig.h */ = {isa = PBXFileReference; fileEncoding = 4; lastKnownFileType = sourcecode.c.h; path = ASIHTTPRequestConfig.h; sourceTree = "<group>"; };
		16A4867619C9E5EF00135A5D /* ASIHTTPRequestDelegate.h */ = {isa = PBXFileReference; fileEncoding = 4; lastKnownFileType = sourcecode.c.h; path = ASIHTTPRequestDelegate.h; sourceTree = "<group>"; };
		16A4867719C9E5EF00135A5D /* ASIInputStream.h */ = {isa = PBXFileReference; fileEncoding = 4; lastKnownFileType = sourcecode.c.h; path = ASIInputStream.h; sourceTree = "<group>"; };
		16A4867819C9E5EF00135A5D /* ASIInputStream.m */ = {isa = PBXFileReference; fileEncoding = 4; lastKnownFileType = sourcecode.c.objc; path = ASIInputStream.m; sourceTree = "<group>"; };
		16A4867919C9E5EF00135A5D /* ASINetworkQueue.h */ = {isa = PBXFileReference; fileEncoding = 4; lastKnownFileType = sourcecode.c.h; path = ASINetworkQueue.h; sourceTree = "<group>"; };
		16A4867A19C9E5EF00135A5D /* ASINetworkQueue.m */ = {isa = PBXFileReference; fileEncoding = 4; lastKnownFileType = sourcecode.c.objc; path = ASINetworkQueue.m; sourceTree = "<group>"; };
		16A4867B19C9E5EF00135A5D /* ASIProgressDelegate.h */ = {isa = PBXFileReference; fileEncoding = 4; lastKnownFileType = sourcecode.c.h; path = ASIProgressDelegate.h; sourceTree = "<group>"; };
		16A4867C19C9E5EF00135A5D /* Reachability.h */ = {isa = PBXFileReference; fileEncoding = 4; lastKnownFileType = sourcecode.c.h; path = Reachability.h; sourceTree = "<group>"; };
		16A4867D19C9E5EF00135A5D /* Reachability.m */ = {isa = PBXFileReference; fileEncoding = 4; lastKnownFileType = sourcecode.c.objc; path = Reachability.m; sourceTree = "<group>"; };
		16A4867F19C9E5EF00135A5D /* FMDatabase.h */ = {isa = PBXFileReference; fileEncoding = 4; lastKnownFileType = sourcecode.c.h; path = FMDatabase.h; sourceTree = "<group>"; };
		16A4868019C9E5EF00135A5D /* FMDatabase.m */ = {isa = PBXFileReference; fileEncoding = 4; lastKnownFileType = sourcecode.c.objc; path = FMDatabase.m; sourceTree = "<group>"; };
		16A4868119C9E5EF00135A5D /* FMDatabaseAdditions.h */ = {isa = PBXFileReference; fileEncoding = 4; lastKnownFileType = sourcecode.c.h; path = FMDatabaseAdditions.h; sourceTree = "<group>"; };
		16A4868219C9E5EF00135A5D /* FMDatabaseAdditions.m */ = {isa = PBXFileReference; fileEncoding = 4; lastKnownFileType = sourcecode.c.objc; path = FMDatabaseAdditions.m; sourceTree = "<group>"; };
		16A4868319C9E5EF00135A5D /* FMDatabasePool.h */ = {isa = PBXFileReference; fileEncoding = 4; lastKnownFileType = sourcecode.c.h; path = FMDatabasePool.h; sourceTree = "<group>"; };
		16A4868419C9E5EF00135A5D /* FMDatabasePool.m */ = {isa = PBXFileReference; fileEncoding = 4; lastKnownFileType = sourcecode.c.objc; path = FMDatabasePool.m; sourceTree = "<group>"; };
		16A4868519C9E5EF00135A5D /* FMDatabaseQueue.h */ = {isa = PBXFileReference; fileEncoding = 4; lastKnownFileType = sourcecode.c.h; path = FMDatabaseQueue.h; sourceTree = "<group>"; };
		16A4868619C9E5EF00135A5D /* FMDatabaseQueue.m */ = {isa = PBXFileReference; fileEncoding = 4; lastKnownFileType = sourcecode.c.objc; path = FMDatabaseQueue.m; sourceTree = "<group>"; };
		16A4868719C9E5EF00135A5D /* FMDB.h */ = {isa = PBXFileReference; fileEncoding = 4; lastKnownFileType = sourcecode.c.h; path = FMDB.h; sourceTree = "<group>"; };
		16A4868819C9E5EF00135A5D /* FMResultSet.h */ = {isa = PBXFileReference; fileEncoding = 4; lastKnownFileType = sourcecode.c.h; path = FMResultSet.h; sourceTree = "<group>"; };
		16A4868919C9E5EF00135A5D /* FMResultSet.m */ = {isa = PBXFileReference; fileEncoding = 4; lastKnownFileType = sourcecode.c.objc; path = FMResultSet.m; sourceTree = "<group>"; };
		16A4868B19C9E5EF00135A5D /* MBProgressHUD.h */ = {isa = PBXFileReference; fileEncoding = 4; lastKnownFileType = sourcecode.c.h; path = MBProgressHUD.h; sourceTree = "<group>"; };
		16A4868C19C9E5EF00135A5D /* MBProgressHUD.m */ = {isa = PBXFileReference; fileEncoding = 4; lastKnownFileType = sourcecode.c.objc; path = MBProgressHUD.m; sourceTree = "<group>"; };
		16A4868E19C9E5EF00135A5D /* BaseHttpVc.h */ = {isa = PBXFileReference; fileEncoding = 4; lastKnownFileType = sourcecode.c.h; path = BaseHttpVc.h; sourceTree = "<group>"; };
		16A4868F19C9E5EF00135A5D /* BaseHttpVc.mm */ = {isa = PBXFileReference; fileEncoding = 4; lastKnownFileType = sourcecode.cpp.objcpp; path = BaseHttpVc.mm; sourceTree = "<group>"; };
		16A4869019C9E5EF00135A5D /* BaseLayoutVc.h */ = {isa = PBXFileReference; fileEncoding = 4; lastKnownFileType = sourcecode.c.h; path = BaseLayoutVc.h; sourceTree = "<group>"; };
		16A4869119C9E5EF00135A5D /* BaseLayoutVc.mm */ = {isa = PBXFileReference; fileEncoding = 4; lastKnownFileType = sourcecode.cpp.objcpp; path = BaseLayoutVc.mm; sourceTree = "<group>"; };
		16A4869219C9E5EF00135A5D /* BaseListVc.h */ = {isa = PBXFileReference; fileEncoding = 4; lastKnownFileType = sourcecode.c.h; path = BaseListVc.h; sourceTree = "<group>"; };
		16A4869319C9E5EF00135A5D /* BaseListVc.mm */ = {isa = PBXFileReference; fileEncoding = 4; lastKnownFileType = sourcecode.cpp.objcpp; path = BaseListVc.mm; sourceTree = "<group>"; };
		16A4869419C9E5EF00135A5D /* BaseSectionListVc.h */ = {isa = PBXFileReference; fileEncoding = 4; lastKnownFileType = sourcecode.c.h; path = BaseSectionListVc.h; sourceTree = "<group>"; };
		16A4869519C9E5EF00135A5D /* BaseSectionListVc.mm */ = {isa = PBXFileReference; fileEncoding = 4; lastKnownFileType = sourcecode.cpp.objcpp; path = BaseSectionListVc.mm; sourceTree = "<group>"; };
		16A4869619C9E5EF00135A5D /* BaseSingleListVc.h */ = {isa = PBXFileReference; fileEncoding = 4; lastKnownFileType = sourcecode.c.h; path = BaseSingleListVc.h; sourceTree = "<group>"; };
		16A4869719C9E5EF00135A5D /* BaseSingleListVc.mm */ = {isa = PBXFileReference; fileEncoding = 4; lastKnownFileType = sourcecode.cpp.objcpp; path = BaseSingleListVc.mm; sourceTree = "<group>"; };
		16A4869819C9E5EF00135A5D /* BaseVc.h */ = {isa = PBXFileReference; fileEncoding = 4; lastKnownFileType = sourcecode.c.h; path = BaseVc.h; sourceTree = "<group>"; };
		16A4869919C9E5EF00135A5D /* BaseVc.mm */ = {isa = PBXFileReference; fileEncoding = 4; lastKnownFileType = sourcecode.cpp.objcpp; path = BaseVc.mm; sourceTree = "<group>"; };
		16A4869B19C9E5EF00135A5D /* TabBarBottomPanel.h */ = {isa = PBXFileReference; fileEncoding = 4; lastKnownFileType = sourcecode.c.h; path = TabBarBottomPanel.h; sourceTree = "<group>"; };
		16A4869C19C9E5EF00135A5D /* TabBarBottomPanel.mm */ = {isa = PBXFileReference; fileEncoding = 4; lastKnownFileType = sourcecode.cpp.objcpp; path = TabBarBottomPanel.mm; sourceTree = "<group>"; };
		16A4869D19C9E5EF00135A5D /* RefreshPanel.h */ = {isa = PBXFileReference; fileEncoding = 4; lastKnownFileType = sourcecode.c.h; path = RefreshPanel.h; sourceTree = "<group>"; };
		16A4869E19C9E5EF00135A5D /* RefreshPanel.mm */ = {isa = PBXFileReference; fileEncoding = 4; lastKnownFileType = sourcecode.cpp.objcpp; path = RefreshPanel.mm; sourceTree = "<group>"; };
		16A4869F19C9E5EF00135A5D /* TopPanel.h */ = {isa = PBXFileReference; fileEncoding = 4; lastKnownFileType = sourcecode.c.h; path = TopPanel.h; sourceTree = "<group>"; };
		16A486A019C9E5EF00135A5D /* TopPanel.mm */ = {isa = PBXFileReference; fileEncoding = 4; lastKnownFileType = sourcecode.cpp.objcpp; path = TopPanel.mm; sourceTree = "<group>"; };
		16A486A219C9E5EF00135A5D /* ChkUtil.h */ = {isa = PBXFileReference; fileEncoding = 4; lastKnownFileType = sourcecode.c.h; path = ChkUtil.h; sourceTree = "<group>"; };
		16A486A319C9E5EF00135A5D /* ChkUtil.mm */ = {isa = PBXFileReference; fileEncoding = 4; lastKnownFileType = sourcecode.cpp.objcpp; path = ChkUtil.mm; sourceTree = "<group>"; };
		16A8920C19837294000A9E23 /* Default-568h@2x.png */ = {isa = PBXFileReference; lastKnownFileType = image.png; path = "Default-568h@2x.png"; sourceTree = "<group>"; };
		16A8920D19837294000A9E23 /* Default.png */ = {isa = PBXFileReference; lastKnownFileType = image.png; path = Default.png; sourceTree = "<group>"; };
		16A8920E19837294000A9E23 /* Default~iphone.png */ = {isa = PBXFileReference; lastKnownFileType = image.png; path = "Default~iphone.png"; sourceTree = "<group>"; };
		16E3A08A1971407500A1AB22 /* rr_rmd@2x.png */ = {isa = PBXFileReference; lastKnownFileType = image.png; path = "rr_rmd@2x.png"; sourceTree = "<group>"; };
/* End PBXFileReference section */

/* Begin PBXFrameworksBuildPhase section */
		1682D8BD196EC104008EDEE6 /* Frameworks */ = {
			isa = PBXFrameworksBuildPhase;
			buildActionMask = 2147483647;
			files = (
				16A4862319C9E36E00135A5D /* libz.dylib in Frameworks */,
				1682D8C6196EC104008EDEE6 /* CoreGraphics.framework in Frameworks */,
				16A4862119C9E35C00135A5D /* MobileCoreServices.framework in Frameworks */,
				16A4861F19C9E35300135A5D /* SystemConfiguration.framework in Frameworks */,
				16A4861D19C9E34700135A5D /* CFNetwork.framework in Frameworks */,
				16429EE719718C1C0035EBA4 /* CoreLocation.framework in Frameworks */,
				16429EE5197189650035EBA4 /* MapKit.framework in Frameworks */,
				1682D950196ECC6B008EDEE6 /* libsqlite3.0.dylib in Frameworks */,
				1682D8C8196EC104008EDEE6 /* UIKit.framework in Frameworks */,
				1682D8C4196EC104008EDEE6 /* Foundation.framework in Frameworks */,
			);
			runOnlyForDeploymentPostprocessing = 0;
		};
/* End PBXFrameworksBuildPhase section */

/* Begin PBXGroup section */
		1682D8B7196EC104008EDEE6 = {
			isa = PBXGroup;
			children = (
				16A4864419C9E5EF00135A5D /* Classes */,
				1682D8FE196EC2C6008EDEE6 /* Main */,
				1682D8C2196EC104008EDEE6 /* Frameworks */,
				1682D8C1196EC104008EDEE6 /* Products */,
				1682DA3E196EEC4F008EDEE6 /* Resources */,
			);
			sourceTree = "<group>";
		};
		1682D8C1196EC104008EDEE6 /* Products */ = {
			isa = PBXGroup;
			children = (
				1682D8C0196EC104008EDEE6 /* e-Heathy.app */,
			);
			name = Products;
			sourceTree = "<group>";
		};
		1682D8C2196EC104008EDEE6 /* Frameworks */ = {
			isa = PBXGroup;
			children = (
				16A4862219C9E36E00135A5D /* libz.dylib */,
				16A4862019C9E35C00135A5D /* MobileCoreServices.framework */,
				16A4861E19C9E35300135A5D /* SystemConfiguration.framework */,
				16A4861B19C9E2A300135A5D /* CFNetwork.framework */,
				16429EE619718C1C0035EBA4 /* CoreLocation.framework */,
				16429EE4197189650035EBA4 /* MapKit.framework */,
				1682D94F196ECC6B008EDEE6 /* libsqlite3.0.dylib */,
				1682D8C3196EC104008EDEE6 /* Foundation.framework */,
				1682D8C5196EC104008EDEE6 /* CoreGraphics.framework */,
				1682D8C7196EC104008EDEE6 /* UIKit.framework */,
				1682D8DC196EC104008EDEE6 /* XCTest.framework */,
			);
			name = Frameworks;
			sourceTree = "<group>";
		};
		1682D8FE196EC2C6008EDEE6 /* Main */ = {
			isa = PBXGroup;
			children = (
				1682D8FF196EC2C6008EDEE6 /* AppDelegate.h */,
				1682D900196EC2C6008EDEE6 /* AppDelegate.m */,
				1682D9BC196ED011008EDEE6 /* e-Heathy-Info.plist */,
				1682D902196EC2C6008EDEE6 /* e-Heathy-Prefix.pch */,
				1682D903196EC2C6008EDEE6 /* main.m */,
			);
			path = Main;
			sourceTree = "<group>";
		};
		1682DA3E196EEC4F008EDEE6 /* Resources */ = {
			isa = PBXGroup;
			children = (
				16468B6A19CD646C0095EC7D /* btn_air_hospital_normal.png */,
				16468B6B19CD646C0095EC7D /* btn_air_hospital_normal@2x.png */,
				16468B6C19CD646C0095EC7D /* btn_air_hospital_selected.png */,
				16468B6D19CD646C0095EC7D /* btn_air_hospital_selected@2x.png */,
				16468B6E19CD646C0095EC7D /* btn_user_center_normal.png */,
				16468B6F19CD646C0095EC7D /* btn_user_center_normal@2x.png */,
				16468B7019CD646C0095EC7D /* btn_user_center_selected.png */,
				16468B7119CD646C0095EC7D /* btn_user_center_selected@2x.png */,
				16A8920C19837294000A9E23 /* Default-568h@2x.png */,
				16A8920D19837294000A9E23 /* Default.png */,
				16A8920E19837294000A9E23 /* Default~iphone.png */,
				164AA7A3197D4E0B000B1202 /* main_1.png */,
				164AA7A4197D4E0B000B1202 /* main_3.png */,
				164AA7A5197D4E0B000B1202 /* main_0.png */,
				164AA7A6197D4E0B000B1202 /* main_2.png */,
				16E3A08A1971407500A1AB22 /* rr_rmd@2x.png */,
				1614BF78197114E9004402FA /* search_icon@2x.png */,
				16A16C231970D11C00374A9C /* 0_hl@2x.png */,
				16A16C241970D11C00374A9C /* 0@2x.png */,
				16A16C251970D11C00374A9C /* 1_hl@2x.png */,
				16A16C261970D11C00374A9C /* 1@2x.png */,
				16A16C271970D11C00374A9C /* 2_hl@2x.png */,
				16A16C281970D11C00374A9C /* 2@2x.png */,
				16A16C291970D11C00374A9C /* 3_hl@2x.png */,
				16A16C2A1970D11C00374A9C /* 3@2x.png */,
				16A16C2B1970D11C00374A9C /* 4_hl@2x.png */,
				16A16C2C1970D11C00374A9C /* 4@2x.png */,
			);
			path = Resources;
			sourceTree = "<group>";
		};
		16A4864419C9E5EF00135A5D /* Classes */ = {
			isa = PBXGroup;
			children = (
				16A4864E19C9E5EF00135A5D /* Dto */,
				16A486A419C9E5EF00135A5D /* Vc */,
				16A4865119C9E5EF00135A5D /* Frame */,
				16A4864519C9E5EF00135A5D /* Category */,
				16A486A119C9E5EF00135A5D /* Utilities */,
			);
			path = Classes;
			sourceTree = "<group>";
		};
		16A4864519C9E5EF00135A5D /* Category */ = {
			isa = PBXGroup;
			children = (
				16A4864619C9E5EF00135A5D /* UIButton+Addition.h */,
				16A4864719C9E5EF00135A5D /* UIButton+Addition.mm */,
				16A4864819C9E5EF00135A5D /* UIColor+Hex.h */,
				16A4864919C9E5EF00135A5D /* UIColor+Hex.mm */,
				16A4864A19C9E5EF00135A5D /* UIImage+Addition.h */,
				16A4864B19C9E5EF00135A5D /* UIImage+Addition.mm */,
				16A4864C19C9E5EF00135A5D /* UIView+Layout.h */,
				16A4864D19C9E5EF00135A5D /* UIView+Layout.mm */,
			);
			path = Category;
			sourceTree = "<group>";
		};
		16A4864E19C9E5EF00135A5D /* Dto */ = {
			isa = PBXGroup;
			children = (
				16A4864F19C9E5EF00135A5D /* UserInfoDto.h */,
				16A4865019C9E5EF00135A5D /* UserInfoDto.m */,
			);
			path = Dto;
			sourceTree = "<group>";
		};
		16A4865119C9E5EF00135A5D /* Frame */ = {
			isa = PBXGroup;
			children = (
				16A4868D19C9E5EF00135A5D /* Vc */,
				16A4865E19C9E5EF00135A5D /* Global */,
				16A4866319C9E5EF00135A5D /* Template */,
				16A4866619C9E5EF00135A5D /* ThirdParty */,
				16A4865219C9E5EF00135A5D /* Cache */,
				16A4865519C9E5EF00135A5D /* const.h */,
				16A4865619C9E5EF00135A5D /* const.mm */,
			);
			path = Frame;
			sourceTree = "<group>";
		};
		16A4865219C9E5EF00135A5D /* Cache */ = {
			isa = PBXGroup;
			children = (
				16A4865319C9E5EF00135A5D /* Cache.h */,
				16A4865419C9E5EF00135A5D /* Cache.mm */,
			);
			path = Cache;
			sourceTree = "<group>";
		};
		16A4865E19C9E5EF00135A5D /* Global */ = {
			isa = PBXGroup;
			children = (
				16A4865F19C9E5EF00135A5D /* Global.h */,
				16A4866019C9E5EF00135A5D /* Global.mm */,
				16A4866119C9E5EF00135A5D /* SysInfo.h */,
				16A4866219C9E5EF00135A5D /* SysInfo.mm */,
			);
			path = Global;
			sourceTree = "<group>";
		};
		16A4866319C9E5EF00135A5D /* Template */ = {
			isa = PBXGroup;
			children = (
				16A4866419C9E5EF00135A5D /* TemplateVc.h */,
				16A4866519C9E5EF00135A5D /* TemplateVc.mm */,
			);
			path = Template;
			sourceTree = "<group>";
		};
		16A4866619C9E5EF00135A5D /* ThirdParty */ = {
			isa = PBXGroup;
			children = (
				16A4866719C9E5EF00135A5D /* ASIHTTPRequest */,
				16A4867E19C9E5EF00135A5D /* FMDB */,
				16A4868A19C9E5EF00135A5D /* MBProgressHUD */,
			);
			path = ThirdParty;
			sourceTree = "<group>";
		};
		16A4866719C9E5EF00135A5D /* ASIHTTPRequest */ = {
			isa = PBXGroup;
			children = (
				16A4866819C9E5EF00135A5D /* ASIAuthenticationDialog.h */,
				16A4866919C9E5EF00135A5D /* ASIAuthenticationDialog.m */,
				16A4866A19C9E5EF00135A5D /* ASICacheDelegate.h */,
				16A4866B19C9E5EF00135A5D /* ASIDataCompressor.h */,
				16A4866C19C9E5EF00135A5D /* ASIDataCompressor.m */,
				16A4866D19C9E5EF00135A5D /* ASIDataDecompressor.h */,
				16A4866E19C9E5EF00135A5D /* ASIDataDecompressor.m */,
				16A4866F19C9E5EF00135A5D /* ASIDownloadCache.h */,
				16A4867019C9E5EF00135A5D /* ASIDownloadCache.m */,
				16A4867119C9E5EF00135A5D /* ASIFormDataRequest.h */,
				16A4867219C9E5EF00135A5D /* ASIFormDataRequest.m */,
				16A4867319C9E5EF00135A5D /* ASIHTTPRequest.h */,
				16A4867419C9E5EF00135A5D /* ASIHTTPRequest.m */,
				16A4867519C9E5EF00135A5D /* ASIHTTPRequestConfig.h */,
				16A4867619C9E5EF00135A5D /* ASIHTTPRequestDelegate.h */,
				16A4867719C9E5EF00135A5D /* ASIInputStream.h */,
				16A4867819C9E5EF00135A5D /* ASIInputStream.m */,
				16A4867919C9E5EF00135A5D /* ASINetworkQueue.h */,
				16A4867A19C9E5EF00135A5D /* ASINetworkQueue.m */,
				16A4867B19C9E5EF00135A5D /* ASIProgressDelegate.h */,
				16A4867C19C9E5EF00135A5D /* Reachability.h */,
				16A4867D19C9E5EF00135A5D /* Reachability.m */,
			);
			path = ASIHTTPRequest;
			sourceTree = "<group>";
		};
		16A4867E19C9E5EF00135A5D /* FMDB */ = {
			isa = PBXGroup;
			children = (
				16A4867F19C9E5EF00135A5D /* FMDatabase.h */,
				16A4868019C9E5EF00135A5D /* FMDatabase.m */,
				16A4868119C9E5EF00135A5D /* FMDatabaseAdditions.h */,
				16A4868219C9E5EF00135A5D /* FMDatabaseAdditions.m */,
				16A4868319C9E5EF00135A5D /* FMDatabasePool.h */,
				16A4868419C9E5EF00135A5D /* FMDatabasePool.m */,
				16A4868519C9E5EF00135A5D /* FMDatabaseQueue.h */,
				16A4868619C9E5EF00135A5D /* FMDatabaseQueue.m */,
				16A4868719C9E5EF00135A5D /* FMDB.h */,
				16A4868819C9E5EF00135A5D /* FMResultSet.h */,
				16A4868919C9E5EF00135A5D /* FMResultSet.m */,
			);
			path = FMDB;
			sourceTree = "<group>";
		};
		16A4868A19C9E5EF00135A5D /* MBProgressHUD */ = {
			isa = PBXGroup;
			children = (
				16A4868B19C9E5EF00135A5D /* MBProgressHUD.h */,
				16A4868C19C9E5EF00135A5D /* MBProgressHUD.m */,
			);
			path = MBProgressHUD;
			sourceTree = "<group>";
		};
		16A4868D19C9E5EF00135A5D /* Vc */ = {
			isa = PBXGroup;
			children = (
				16A4868E19C9E5EF00135A5D /* BaseHttpVc.h */,
				16A4868F19C9E5EF00135A5D /* BaseHttpVc.mm */,
				16A4869419C9E5EF00135A5D /* BaseSectionListVc.h */,
				16A4869519C9E5EF00135A5D /* BaseSectionListVc.mm */,
				16A4869619C9E5EF00135A5D /* BaseSingleListVc.h */,
				16A4869719C9E5EF00135A5D /* BaseSingleListVc.mm */,
				16A4869219C9E5EF00135A5D /* BaseListVc.h */,
				16A4869319C9E5EF00135A5D /* BaseListVc.mm */,
				16A4869019C9E5EF00135A5D /* BaseLayoutVc.h */,
				16A4869119C9E5EF00135A5D /* BaseLayoutVc.mm */,
				16A4869819C9E5EF00135A5D /* BaseVc.h */,
				16A4869919C9E5EF00135A5D /* BaseVc.mm */,
				16A4869A19C9E5EF00135A5D /* Ctrl */,
			);
			path = Vc;
			sourceTree = "<group>";
		};
		16A4869A19C9E5EF00135A5D /* Ctrl */ = {
			isa = PBXGroup;
			children = (
				16468B7E19CE63930095EC7D /* TabBarContentPanel.h */,
				16468B7F19CE63930095EC7D /* TabBarContentPanel.mm */,
				16A4869B19C9E5EF00135A5D /* TabBarBottomPanel.h */,
				16A4869C19C9E5EF00135A5D /* TabBarBottomPanel.mm */,
				16A4869D19C9E5EF00135A5D /* RefreshPanel.h */,
				16A4869E19C9E5EF00135A5D /* RefreshPanel.mm */,
				16A4869F19C9E5EF00135A5D /* TopPanel.h */,
				16A486A019C9E5EF00135A5D /* TopPanel.mm */,
			);
			path = Ctrl;
			sourceTree = "<group>";
		};
		16A486A119C9E5EF00135A5D /* Utilities */ = {
			isa = PBXGroup;
			children = (
				16A486A219C9E5EF00135A5D /* ChkUtil.h */,
				16A486A319C9E5EF00135A5D /* ChkUtil.mm */,
			);
			path = Utilities;
			sourceTree = "<group>";
		};
		16A486A419C9E5EF00135A5D /* Vc */ = {
			isa = PBXGroup;
			children = (
				16468B6719CD62FC0095EC7D /* RootVc.h */,
				16468B6819CD62FC0095EC7D /* RootVc.mm */,
				16A486A519C9E5EF00135A5D /* Ctrl */,
			);
			path = Vc;
			sourceTree = "<group>";
		};
		16A486A519C9E5EF00135A5D /* Ctrl */ = {
			isa = PBXGroup;
			children = (
			);
			path = Ctrl;
			sourceTree = "<group>";
		};
/* End PBXGroup section */

/* Begin PBXNativeTarget section */
		1682D8BF196EC104008EDEE6 /* e-Heathy */ = {
			isa = PBXNativeTarget;
			buildConfigurationList = 1682D8EC196EC104008EDEE6 /* Build configuration list for PBXNativeTarget "e-Heathy" */;
			buildPhases = (
				1682D8BC196EC104008EDEE6 /* Sources */,
				1682D8BD196EC104008EDEE6 /* Frameworks */,
				1682D8BE196EC104008EDEE6 /* Resources */,
			);
			buildRules = (
			);
			dependencies = (
			);
			name = "e-Heathy";
			productName = "e-Heathy";
			productReference = 1682D8C0196EC104008EDEE6 /* e-Heathy.app */;
			productType = "com.apple.product-type.application";
		};
/* End PBXNativeTarget section */

/* Begin PBXProject section */
		1682D8B8196EC104008EDEE6 /* Project object */ = {
			isa = PBXProject;
			attributes = {
				LastUpgradeCheck = 0510;
				ORGANIZATIONNAME = steven;
			};
			buildConfigurationList = 1682D8BB196EC104008EDEE6 /* Build configuration list for PBXProject "e-Heathy" */;
			compatibilityVersion = "Xcode 3.2";
			developmentRegion = English;
			hasScannedForEncodings = 0;
			knownRegions = (
				en,
			);
			mainGroup = 1682D8B7196EC104008EDEE6;
			productRefGroup = 1682D8C1196EC104008EDEE6 /* Products */;
			projectDirPath = "";
			projectRoot = "";
			targets = (
				1682D8BF196EC104008EDEE6 /* e-Heathy */,
			);
		};
/* End PBXProject section */

/* Begin PBXResourcesBuildPhase section */
		1682D8BE196EC104008EDEE6 /* Resources */ = {
			isa = PBXResourcesBuildPhase;
			buildActionMask = 2147483647;
			files = (
				16E3A08B1971407500A1AB22 /* rr_rmd@2x.png in Resources */,
				16468B7719CD646C0095EC7D /* btn_user_center_normal@2x.png in Resources */,
				16A16C351970D11C00374A9C /* 4_hl@2x.png in Resources */,
				16A16C341970D11C00374A9C /* 3@2x.png in Resources */,
				16468B7319CD646C0095EC7D /* btn_air_hospital_normal@2x.png in Resources */,
				16A8921119837294000A9E23 /* Default~iphone.png in Resources */,
				16A16C331970D11C00374A9C /* 3_hl@2x.png in Resources */,
				164AA7AA197D4E0B000B1202 /* main_2.png in Resources */,
				16A16C2D1970D11C00374A9C /* 0_hl@2x.png in Resources */,
				16A16C2F1970D11C00374A9C /* 1_hl@2x.png in Resources */,
				16A16C311970D11C00374A9C /* 2_hl@2x.png in Resources */,
				16A16C321970D11C00374A9C /* 2@2x.png in Resources */,
				1614BF79197114E9004402FA /* search_icon@2x.png in Resources */,
				16468B7819CD646C0095EC7D /* btn_user_center_selected.png in Resources */,
				16A16C361970D11C00374A9C /* 4@2x.png in Resources */,
				16A8921019837294000A9E23 /* Default.png in Resources */,
				16468B7419CD646C0095EC7D /* btn_air_hospital_selected.png in Resources */,
				16468B7619CD646C0095EC7D /* btn_user_center_normal.png in Resources */,
				16A8920F19837294000A9E23 /* Default-568h@2x.png in Resources */,
				164AA7A9197D4E0B000B1202 /* main_0.png in Resources */,
				16A16C301970D11C00374A9C /* 1@2x.png in Resources */,
				16468B7219CD646C0095EC7D /* btn_air_hospital_normal.png in Resources */,
				164AA7A8197D4E0B000B1202 /* main_3.png in Resources */,
				16A16C2E1970D11C00374A9C /* 0@2x.png in Resources */,
				16468B7919CD646C0095EC7D /* btn_user_center_selected@2x.png in Resources */,
				16468B7519CD646C0095EC7D /* btn_air_hospital_selected@2x.png in Resources */,
				164AA7A7197D4E0B000B1202 /* main_1.png in Resources */,
			);
			runOnlyForDeploymentPostprocessing = 0;
		};
/* End PBXResourcesBuildPhase section */

/* Begin PBXSourcesBuildPhase section */
		1682D8BC196EC104008EDEE6 /* Sources */ = {
			isa = PBXSourcesBuildPhase;
			buildActionMask = 2147483647;
			files = (
				16A486D119C9E5EF00135A5D /* ASIAuthenticationDialog.m in Sources */,
				1682D906196EC2C6008EDEE6 /* main.m in Sources */,
				16A486E319C9E5EF00135A5D /* BaseSectionListVc.mm in Sources */,
				16A486C419C9E5EF00135A5D /* UIButton+Addition.mm in Sources */,
				16A486CA19C9E5EF00135A5D /* const.mm in Sources */,
				16A486D319C9E5EF00135A5D /* ASIDataDecompressor.m in Sources */,
				16468B8019CE63930095EC7D /* TabBarContentPanel.mm in Sources */,
				16A486E419C9E5EF00135A5D /* BaseSingleListVc.mm in Sources */,
				16A486E019C9E5EF00135A5D /* BaseHttpVc.mm in Sources */,
				16A486DF19C9E5EF00135A5D /* MBProgressHUD.m in Sources */,
				16A486E119C9E5EF00135A5D /* BaseLayoutVc.mm in Sources */,
				1682D904196EC2C6008EDEE6 /* AppDelegate.m in Sources */,
				16A486C619C9E5EF00135A5D /* UIImage+Addition.mm in Sources */,
				16A486C919C9E5EF00135A5D /* Cache.mm in Sources */,
				16A486D919C9E5EF00135A5D /* Reachability.m in Sources */,
				16A486E819C9E5EF00135A5D /* TopPanel.mm in Sources */,
				16468B6919CD62FC0095EC7D /* RootVc.mm in Sources */,
				16A486D819C9E5EF00135A5D /* ASINetworkQueue.m in Sources */,
				16A486CE19C9E5EF00135A5D /* Global.mm in Sources */,
				16A486DC19C9E5EF00135A5D /* FMDatabasePool.m in Sources */,
				16A486DA19C9E5EF00135A5D /* FMDatabase.m in Sources */,
				16A486D619C9E5EF00135A5D /* ASIHTTPRequest.m in Sources */,
				16A486D019C9E5EF00135A5D /* TemplateVc.mm in Sources */,
				16A486E719C9E5EF00135A5D /* RefreshPanel.mm in Sources */,
				16A486DD19C9E5EF00135A5D /* FMDatabaseQueue.m in Sources */,
				16A486E219C9E5EF00135A5D /* BaseListVc.mm in Sources */,
				16A486DE19C9E5EF00135A5D /* FMResultSet.m in Sources */,
				16A486E519C9E5EF00135A5D /* BaseVc.mm in Sources */,
				16A486D419C9E5EF00135A5D /* ASIDownloadCache.m in Sources */,
				16A486D219C9E5EF00135A5D /* ASIDataCompressor.m in Sources */,
				16A486C719C9E5EF00135A5D /* UIView+Layout.mm in Sources */,
				16A486D519C9E5EF00135A5D /* ASIFormDataRequest.m in Sources */,
				16A486C819C9E5EF00135A5D /* UserInfoDto.m in Sources */,
				16A486E619C9E5EF00135A5D /* TabBarBottomPanel.mm in Sources */,
				16A486DB19C9E5EF00135A5D /* FMDatabaseAdditions.m in Sources */,
				16A486D719C9E5EF00135A5D /* ASIInputStream.m in Sources */,
				16A486CF19C9E5EF00135A5D /* SysInfo.mm in Sources */,
				16A486E919C9E5EF00135A5D /* ChkUtil.mm in Sources */,
				16A486C519C9E5EF00135A5D /* UIColor+Hex.mm in Sources */,
			);
			runOnlyForDeploymentPostprocessing = 0;
		};
/* End PBXSourcesBuildPhase section */

/* Begin XCBuildConfiguration section */
		1682D8EA196EC104008EDEE6 /* Debug */ = {
			isa = XCBuildConfiguration;
			buildSettings = {
				ALWAYS_SEARCH_USER_PATHS = NO;
				CLANG_CXX_LANGUAGE_STANDARD = "gnu++0x";
				CLANG_CXX_LIBRARY = "libc++";
				CLANG_ENABLE_MODULES = YES;
				CLANG_ENABLE_OBJC_ARC = YES;
				CLANG_WARN_BOOL_CONVERSION = YES;
				CLANG_WARN_CONSTANT_CONVERSION = YES;
				CLANG_WARN_DIRECT_OBJC_ISA_USAGE = YES_ERROR;
				CLANG_WARN_EMPTY_BODY = YES;
				CLANG_WARN_ENUM_CONVERSION = YES;
				CLANG_WARN_INT_CONVERSION = YES;
				CLANG_WARN_OBJC_ROOT_CLASS = YES_ERROR;
				CLANG_WARN__DUPLICATE_METHOD_MATCH = YES;
				"CODE_SIGN_IDENTITY[sdk=iphoneos*]" = "iPhone Developer";
				COPY_PHASE_STRIP = NO;
				GCC_C_LANGUAGE_STANDARD = gnu99;
				GCC_DYNAMIC_NO_PIC = NO;
				GCC_OPTIMIZATION_LEVEL = 0;
				GCC_PREPROCESSOR_DEFINITIONS = (
					"DEBUG=1",
					"$(inherited)",
				);
				GCC_SYMBOLS_PRIVATE_EXTERN = NO;
				GCC_WARN_64_TO_32_BIT_CONVERSION = YES;
				GCC_WARN_ABOUT_RETURN_TYPE = YES_ERROR;
				GCC_WARN_UNDECLARED_SELECTOR = YES;
				GCC_WARN_UNINITIALIZED_AUTOS = YES;
				GCC_WARN_UNUSED_FUNCTION = YES;
				GCC_WARN_UNUSED_VARIABLE = YES;
				IPHONEOS_DEPLOYMENT_TARGET = 5.0;
				ONLY_ACTIVE_ARCH = NO;
				SDKROOT = iphoneos;
			};
			name = Debug;
		};
		1682D8EB196EC104008EDEE6 /* Release */ = {
			isa = XCBuildConfiguration;
			buildSettings = {
				ALWAYS_SEARCH_USER_PATHS = NO;
				CLANG_CXX_LANGUAGE_STANDARD = "gnu++0x";
				CLANG_CXX_LIBRARY = "libc++";
				CLANG_ENABLE_MODULES = YES;
				CLANG_ENABLE_OBJC_ARC = YES;
				CLANG_WARN_BOOL_CONVERSION = YES;
				CLANG_WARN_CONSTANT_CONVERSION = YES;
				CLANG_WARN_DIRECT_OBJC_ISA_USAGE = YES_ERROR;
				CLANG_WARN_EMPTY_BODY = YES;
				CLANG_WARN_ENUM_CONVERSION = YES;
				CLANG_WARN_INT_CONVERSION = YES;
				CLANG_WARN_OBJC_ROOT_CLASS = YES_ERROR;
				CLANG_WARN__DUPLICATE_METHOD_MATCH = YES;
				"CODE_SIGN_IDENTITY[sdk=iphoneos*]" = "iPhone Developer";
				COPY_PHASE_STRIP = YES;
				ENABLE_NS_ASSERTIONS = NO;
				GCC_C_LANGUAGE_STANDARD = gnu99;
				GCC_WARN_64_TO_32_BIT_CONVERSION = YES;
				GCC_WARN_ABOUT_RETURN_TYPE = YES_ERROR;
				GCC_WARN_UNDECLARED_SELECTOR = YES;
				GCC_WARN_UNINITIALIZED_AUTOS = YES;
				GCC_WARN_UNUSED_FUNCTION = YES;
				GCC_WARN_UNUSED_VARIABLE = YES;
				IPHONEOS_DEPLOYMENT_TARGET = 5.0;
				ONLY_ACTIVE_ARCH = NO;
				SDKROOT = iphoneos;
				VALIDATE_PRODUCT = YES;
			};
			name = Release;
		};
		1682D8ED196EC104008EDEE6 /* Debug */ = {
			isa = XCBuildConfiguration;
			buildSettings = {
				ASSETCATALOG_COMPILER_APPICON_NAME = AppIcon;
				DEBUG_INFORMATION_FORMAT = dwarf;
				GCC_PRECOMPILE_PREFIX_HEADER = YES;
				GCC_PREFIX_HEADER = "Main/e-Heathy-Prefix.pch";
				INFOPLIST_FILE = "Main/e-Heathy-Info.plist";
				IPHONEOS_DEPLOYMENT_TARGET = 5.1.1;
				PRODUCT_NAME = "$(TARGET_NAME)";
				PROVISIONING_PROFILE = "";
				TARGETED_DEVICE_FAMILY = 1;
				VALIDATE_PRODUCT = NO;
				VALID_ARCHS = "arm64 armv7 armv7s";
				WRAPPER_EXTENSION = app;
			};
			name = Debug;
		};
		1682D8EE196EC104008EDEE6 /* Release */ = {
			isa = XCBuildConfiguration;
			buildSettings = {
				ASSETCATALOG_COMPILER_APPICON_NAME = AppIcon;
				DEBUG_INFORMATION_FORMAT = dwarf;
				GCC_PRECOMPILE_PREFIX_HEADER = YES;
				GCC_PREFIX_HEADER = "Main/e-Heathy-Prefix.pch";
				INFOPLIST_FILE = "Main/e-Heathy-Info.plist";
				IPHONEOS_DEPLOYMENT_TARGET = 5.1.1;
				PRODUCT_NAME = "$(TARGET_NAME)";
				PROVISIONING_PROFILE = "";
				TARGETED_DEVICE_FAMILY = 1;
				VALIDATE_PRODUCT = NO;
				VALID_ARCHS = "arm64 armv7 armv7s";
				WRAPPER_EXTENSION = app;
			};
			name = Release;
		};
/* End XCBuildConfiguration section */

/* Begin XCConfigurationList section */
		1682D8BB196EC104008EDEE6 /* Build configuration list for PBXProject "e-Heathy" */ = {
			isa = XCConfigurationList;
			buildConfigurations = (
				1682D8EA196EC104008EDEE6 /* Debug */,
				1682D8EB196EC104008EDEE6 /* Release */,
			);
			defaultConfigurationIsVisible = 0;
			defaultConfigurationName = Release;
		};
		1682D8EC196EC104008EDEE6 /* Build configuration list for PBXNativeTarget "e-Heathy" */ = {
			isa = XCConfigurationList;
			buildConfigurations = (
				1682D8ED196EC104008EDEE6 /* Debug */,
				1682D8EE196EC104008EDEE6 /* Release */,
			);
			defaultConfigurationIsVisible = 0;
			defaultConfigurationName = Release;
		};
/* End XCConfigurationList section */
	};
	rootObject = 1682D8B8196EC104008EDEE6 /* Project object */;
}
